// !$*UTF8*$!
{
	archiveVersion = 1;
	classes = {
	};
	objectVersion = 56;
	objects = {

/* Begin PBXBuildFile section */
		83283F732BF5E4B300318479 /* SUImagePickerView.swift in Sources */ = {isa = PBXBuildFile; fileRef = 83283F722BF5E4B300318479 /* SUImagePickerView.swift */; };
		83283F762BF5EC7000318479 /* RegisterProfile.swift in Sources */ = {isa = PBXBuildFile; fileRef = 83283F752BF5EC7000318479 /* RegisterProfile.swift */; };
		83283F782BF5F71A00318479 /* NavigationView.swift in Sources */ = {isa = PBXBuildFile; fileRef = 83283F772BF5F71A00318479 /* NavigationView.swift */; };
		83283F7B2BF60FA300318479 /* LoginPopView.swift in Sources */ = {isa = PBXBuildFile; fileRef = 83283F7A2BF60FA300318479 /* LoginPopView.swift */; };
		834875E12BE32996008A50CB /* ActivityIndicatorLoading.swift in Sources */ = {isa = PBXBuildFile; fileRef = 834875E02BE32996008A50CB /* ActivityIndicatorLoading.swift */; };
		834875EB2BE33281008A50CB /* LoginScreen.swift in Sources */ = {isa = PBXBuildFile; fileRef = 834875EA2BE33281008A50CB /* LoginScreen.swift */; };
		834875EF2BE33314008A50CB /* LoginModel.swift in Sources */ = {isa = PBXBuildFile; fileRef = 834875EE2BE33314008A50CB /* LoginModel.swift */; };
		834875F12BE33326008A50CB /* LoginVM.swift in Sources */ = {isa = PBXBuildFile; fileRef = 834875F02BE33326008A50CB /* LoginVM.swift */; };
		834875F32BE33384008A50CB /* HomeModel.swift in Sources */ = {isa = PBXBuildFile; fileRef = 834875F22BE33384008A50CB /* HomeModel.swift */; };
		834875F52BE3338D008A50CB /* HomeVM.swift in Sources */ = {isa = PBXBuildFile; fileRef = 834875F42BE3338D008A50CB /* HomeVM.swift */; };
		834875F82BE33516008A50CB /* HomeDetailVC.swift in Sources */ = {isa = PBXBuildFile; fileRef = 834875F72BE33516008A50CB /* HomeDetailVC.swift */; };
		834875FB2BE335B2008A50CB /* HomeCell.swift in Sources */ = {isa = PBXBuildFile; fileRef = 834875FA2BE335B2008A50CB /* HomeCell.swift */; };
		834875FF2BE33B2C008A50CB /* LessDetailHomeCell.swift in Sources */ = {isa = PBXBuildFile; fileRef = 834875FE2BE33B2C008A50CB /* LessDetailHomeCell.swift */; };
		834876022BE33C0D008A50CB /* StatusView.swift in Sources */ = {isa = PBXBuildFile; fileRef = 834876012BE33C0D008A50CB /* StatusView.swift */; };
		834876052BE33E90008A50CB /* NotFoundCell.swift in Sources */ = {isa = PBXBuildFile; fileRef = 834876042BE33E90008A50CB /* NotFoundCell.swift */; };
		834876082BE341E8008A50CB /* FooterHomeCell.swift in Sources */ = {isa = PBXBuildFile; fileRef = 834876072BE341E8008A50CB /* FooterHomeCell.swift */; };
		8348760B2BE343BB008A50CB /* ReuseStatusUpdateView.swift in Sources */ = {isa = PBXBuildFile; fileRef = 8348760A2BE343BB008A50CB /* ReuseStatusUpdateView.swift */; };
		8348760F2BE34E9D008A50CB /* AppVersionDetailViewCell.swift in Sources */ = {isa = PBXBuildFile; fileRef = 8348760E2BE34E9D008A50CB /* AppVersionDetailViewCell.swift */; };
		834876112BE38C82008A50CB /* ProfileDetailViewVC.swift in Sources */ = {isa = PBXBuildFile; fileRef = 834876102BE38C82008A50CB /* ProfileDetailViewVC.swift */; };
		834876132BE38C92008A50CB /* ProfileUserVM.swift in Sources */ = {isa = PBXBuildFile; fileRef = 834876122BE38C92008A50CB /* ProfileUserVM.swift */; };
		834876152BE38C9F008A50CB /* ProfileModel.swift in Sources */ = {isa = PBXBuildFile; fileRef = 834876142BE38C9F008A50CB /* ProfileModel.swift */; };
		834876182BE38DC9008A50CB /* ProfileMoreDetailCell.swift in Sources */ = {isa = PBXBuildFile; fileRef = 834876172BE38DC9008A50CB /* ProfileMoreDetailCell.swift */; };
		8348761A2BE38DE3008A50CB /* ProfileListCell.swift in Sources */ = {isa = PBXBuildFile; fileRef = 834876192BE38DE3008A50CB /* ProfileListCell.swift */; };
		834B70242BE0C4A2006FB95C /* KOSIGNSTORE_iOSApp.swift in Sources */ = {isa = PBXBuildFile; fileRef = 834B70232BE0C4A2006FB95C /* KOSIGNSTORE_iOSApp.swift */; };
		834B70282BE0C4A5006FB95C /* Assets.xcassets in Resources */ = {isa = PBXBuildFile; fileRef = 834B70272BE0C4A5006FB95C /* Assets.xcassets */; };
		834B702B2BE0C4A5006FB95C /* Preview Assets.xcassets in Resources */ = {isa = PBXBuildFile; fileRef = 834B702A2BE0C4A5006FB95C /* Preview Assets.xcassets */; };
		834B703B2BE0D80D006FB95C /* Encodable.swift in Sources */ = {isa = PBXBuildFile; fileRef = 834B703A2BE0D80D006FB95C /* Encodable.swift */; };
		834B703D2BE0DA7C006FB95C /* Log.swift in Sources */ = {isa = PBXBuildFile; fileRef = 834B703C2BE0DA7C006FB95C /* Log.swift */; };
		834B703F2BE0DA89006FB95C /* Shared.swift in Sources */ = {isa = PBXBuildFile; fileRef = 834B703E2BE0DA89006FB95C /* Shared.swift */; };
		834B70412BE0DA9C006FB95C /* MyJson.swift in Sources */ = {isa = PBXBuildFile; fileRef = 834B70402BE0DA9C006FB95C /* MyJson.swift */; };
		834B70432BE0DC65006FB95C /* NetworkManager.swift in Sources */ = {isa = PBXBuildFile; fileRef = 834B70422BE0DC65006FB95C /* NetworkManager.swift */; };
		834B704C2BE0DF80006FB95C /* Data.swift in Sources */ = {isa = PBXBuildFile; fileRef = 834B704B2BE0DF80006FB95C /* Data.swift */; };
		834B704E2BE0DFF2006FB95C /* Content.swift in Sources */ = {isa = PBXBuildFile; fileRef = 834B704D2BE0DFF2006FB95C /* Content.swift */; };
		834B70502BE0E02F006FB95C /* Model.swift in Sources */ = {isa = PBXBuildFile; fileRef = 834B704F2BE0E02F006FB95C /* Model.swift */; };
		834B70522BE0E05D006FB95C /* String.swift in Sources */ = {isa = PBXBuildFile; fileRef = 834B70512BE0E05D006FB95C /* String.swift */; };
		834B70542BE0E58E006FB95C /* HomeVC.swift in Sources */ = {isa = PBXBuildFile; fileRef = 834B70532BE0E58E006FB95C /* HomeVC.swift */; };
		834B70572BE0E6D6006FB95C /* LaunchScreen.swift in Sources */ = {isa = PBXBuildFile; fileRef = 834B70562BE0E6D6006FB95C /* LaunchScreen.swift */; };
		834B706D2BE0E914006FB95C /* Rubik-VariableFont_wght.ttf in Resources */ = {isa = PBXBuildFile; fileRef = 834B705A2BE0E913006FB95C /* Rubik-VariableFont_wght.ttf */; };
		834B706E2BE0E914006FB95C /* Rubik-Italic-VariableFont_wght.ttf in Resources */ = {isa = PBXBuildFile; fileRef = 834B705B2BE0E913006FB95C /* Rubik-Italic-VariableFont_wght.ttf */; };
		834B706F2BE0E914006FB95C /* Rubik-MediumItalic.ttf in Resources */ = {isa = PBXBuildFile; fileRef = 834B705D2BE0E913006FB95C /* Rubik-MediumItalic.ttf */; };
		834B70702BE0E914006FB95C /* Rubik-Bold.ttf in Resources */ = {isa = PBXBuildFile; fileRef = 834B705E2BE0E914006FB95C /* Rubik-Bold.ttf */; };
		834B70712BE0E914006FB95C /* Rubik-SemiBoldItalic.ttf in Resources */ = {isa = PBXBuildFile; fileRef = 834B705F2BE0E914006FB95C /* Rubik-SemiBoldItalic.ttf */; };
		834B70722BE0E914006FB95C /* Rubik-Light.ttf in Resources */ = {isa = PBXBuildFile; fileRef = 834B70602BE0E914006FB95C /* Rubik-Light.ttf */; };
		834B70732BE0E914006FB95C /* Rubik-Medium.ttf in Resources */ = {isa = PBXBuildFile; fileRef = 834B70612BE0E914006FB95C /* Rubik-Medium.ttf */; };
		834B70742BE0E914006FB95C /* Rubik-ExtraBoldItalic.ttf in Resources */ = {isa = PBXBuildFile; fileRef = 834B70622BE0E914006FB95C /* Rubik-ExtraBoldItalic.ttf */; };
		834B70752BE0E914006FB95C /* Rubik-Black.ttf in Resources */ = {isa = PBXBuildFile; fileRef = 834B70632BE0E914006FB95C /* Rubik-Black.ttf */; };
		834B70762BE0E914006FB95C /* Rubik-Italic.ttf in Resources */ = {isa = PBXBuildFile; fileRef = 834B70642BE0E914006FB95C /* Rubik-Italic.ttf */; };
		834B70772BE0E914006FB95C /* Rubik-LightItalic.ttf in Resources */ = {isa = PBXBuildFile; fileRef = 834B70652BE0E914006FB95C /* Rubik-LightItalic.ttf */; };
		834B70782BE0E914006FB95C /* Rubik-SemiBold.ttf in Resources */ = {isa = PBXBuildFile; fileRef = 834B70662BE0E914006FB95C /* Rubik-SemiBold.ttf */; };
		834B70792BE0E914006FB95C /* Rubik-BlackItalic.ttf in Resources */ = {isa = PBXBuildFile; fileRef = 834B70672BE0E914006FB95C /* Rubik-BlackItalic.ttf */; };
		834B707A2BE0E914006FB95C /* Rubik-ExtraBold.ttf in Resources */ = {isa = PBXBuildFile; fileRef = 834B70682BE0E914006FB95C /* Rubik-ExtraBold.ttf */; };
		834B707B2BE0E914006FB95C /* Rubik-Regular.ttf in Resources */ = {isa = PBXBuildFile; fileRef = 834B70692BE0E914006FB95C /* Rubik-Regular.ttf */; };
		834B707C2BE0E914006FB95C /* Rubik-BoldItalic.ttf in Resources */ = {isa = PBXBuildFile; fileRef = 834B706A2BE0E914006FB95C /* Rubik-BoldItalic.ttf */; };
		834B707D2BE0E914006FB95C /* OFL.txt in Resources */ = {isa = PBXBuildFile; fileRef = 834B706B2BE0E914006FB95C /* OFL.txt */; };
		834B707E2BE0E914006FB95C /* README.txt in Resources */ = {isa = PBXBuildFile; fileRef = 834B706C2BE0E914006FB95C /* README.txt */; };
		834B70802BE0ED5C006FB95C /* KOSIGNSTORE--iOS-Info.plist in Resources */ = {isa = PBXBuildFile; fileRef = 834B707F2BE0EC58006FB95C /* KOSIGNSTORE--iOS-Info.plist */; };
		834B70822BE0ED89006FB95C /* Fonts.swift in Sources */ = {isa = PBXBuildFile; fileRef = 834B70812BE0ED89006FB95C /* Fonts.swift */; };
		8351CC5C2BFC3A6900C1C93B /* FirebaseAppDistribution-Beta in Frameworks */ = {isa = PBXBuildFile; productRef = 8351CC5B2BFC3A6900C1C93B /* FirebaseAppDistribution-Beta */; };
		8351CC5E2BFC3A6900C1C93B /* FirebaseAuth in Frameworks */ = {isa = PBXBuildFile; productRef = 8351CC5D2BFC3A6900C1C93B /* FirebaseAuth */; };
		8351CC602BFC3A6900C1C93B /* FirebaseAuthCombine-Community in Frameworks */ = {isa = PBXBuildFile; productRef = 8351CC5F2BFC3A6900C1C93B /* FirebaseAuthCombine-Community */; };
		8351CC622BFC3A6900C1C93B /* FirebaseCrashlytics in Frameworks */ = {isa = PBXBuildFile; productRef = 8351CC612BFC3A6900C1C93B /* FirebaseCrashlytics */; };
		8351CC642BFC3A6900C1C93B /* FirebaseDatabase in Frameworks */ = {isa = PBXBuildFile; productRef = 8351CC632BFC3A6900C1C93B /* FirebaseDatabase */; };
		8351CC662BFC3A6900C1C93B /* FirebaseDatabaseSwift in Frameworks */ = {isa = PBXBuildFile; productRef = 8351CC652BFC3A6900C1C93B /* FirebaseDatabaseSwift */; };
		8351CC682BFC3A6900C1C93B /* FirebaseDynamicLinks in Frameworks */ = {isa = PBXBuildFile; productRef = 8351CC672BFC3A6900C1C93B /* FirebaseDynamicLinks */; };
		8351CC6A2BFC3A6900C1C93B /* FirebaseFirestore in Frameworks */ = {isa = PBXBuildFile; productRef = 8351CC692BFC3A6900C1C93B /* FirebaseFirestore */; };
		8351CC6C2BFC3A6900C1C93B /* FirebaseFirestoreCombine-Community in Frameworks */ = {isa = PBXBuildFile; productRef = 8351CC6B2BFC3A6900C1C93B /* FirebaseFirestoreCombine-Community */; };
		8351CC6E2BFC3A6900C1C93B /* FirebaseFirestoreSwift in Frameworks */ = {isa = PBXBuildFile; productRef = 8351CC6D2BFC3A6900C1C93B /* FirebaseFirestoreSwift */; };
		8351CC702BFC3A6900C1C93B /* FirebaseFunctions in Frameworks */ = {isa = PBXBuildFile; productRef = 8351CC6F2BFC3A6900C1C93B /* FirebaseFunctions */; };
		8351CC722BFC3A6900C1C93B /* FirebaseFunctionsCombine-Community in Frameworks */ = {isa = PBXBuildFile; productRef = 8351CC712BFC3A6900C1C93B /* FirebaseFunctionsCombine-Community */; };
		8351CC742BFC3A6900C1C93B /* FirebaseInAppMessaging-Beta in Frameworks */ = {isa = PBXBuildFile; productRef = 8351CC732BFC3A6900C1C93B /* FirebaseInAppMessaging-Beta */; };
		8351CC762BFC3A6900C1C93B /* FirebaseInAppMessagingSwift-Beta in Frameworks */ = {isa = PBXBuildFile; productRef = 8351CC752BFC3A6900C1C93B /* FirebaseInAppMessagingSwift-Beta */; };
		8351CC782BFC3A6900C1C93B /* FirebaseInstallations in Frameworks */ = {isa = PBXBuildFile; productRef = 8351CC772BFC3A6900C1C93B /* FirebaseInstallations */; };
		8351CC7A2BFC3A6900C1C93B /* FirebaseMLModelDownloader in Frameworks */ = {isa = PBXBuildFile; productRef = 8351CC792BFC3A6900C1C93B /* FirebaseMLModelDownloader */; };
		8351CC7C2BFC3A6900C1C93B /* FirebaseMessaging in Frameworks */ = {isa = PBXBuildFile; productRef = 8351CC7B2BFC3A6900C1C93B /* FirebaseMessaging */; };
		8351CC7E2BFC3A6900C1C93B /* FirebasePerformance in Frameworks */ = {isa = PBXBuildFile; productRef = 8351CC7D2BFC3A6900C1C93B /* FirebasePerformance */; };
		8351CC802BFC3A6900C1C93B /* FirebaseRemoteConfig in Frameworks */ = {isa = PBXBuildFile; productRef = 8351CC7F2BFC3A6900C1C93B /* FirebaseRemoteConfig */; };
		8351CC822BFC3A6900C1C93B /* FirebaseRemoteConfigSwift in Frameworks */ = {isa = PBXBuildFile; productRef = 8351CC812BFC3A6900C1C93B /* FirebaseRemoteConfigSwift */; };
		8351CC842BFC3A6900C1C93B /* FirebaseStorage in Frameworks */ = {isa = PBXBuildFile; productRef = 8351CC832BFC3A6900C1C93B /* FirebaseStorage */; };
		8351CC862BFC3A6900C1C93B /* FirebaseStorageCombine-Community in Frameworks */ = {isa = PBXBuildFile; productRef = 8351CC852BFC3A6900C1C93B /* FirebaseStorageCombine-Community */; };
		8351CC882BFC3A6900C1C93B /* FirebaseVertexAI-Preview in Frameworks */ = {isa = PBXBuildFile; productRef = 8351CC872BFC3A6900C1C93B /* FirebaseVertexAI-Preview */; };
		8351CC8C2BFC3BA400C1C93B /* FirebAuth.swift in Sources */ = {isa = PBXBuildFile; fileRef = 8351CC8B2BFC3BA400C1C93B /* FirebAuth.swift */; };
		8351CC8E2BFC4A0F00C1C93B /* GoogleService-Info.plist in Resources */ = {isa = PBXBuildFile; fileRef = 8351CC8D2BFC4A0F00C1C93B /* GoogleService-Info.plist */; };
		8351CC902BFC76E200C1C93B /* HomePrivateCell.swift in Sources */ = {isa = PBXBuildFile; fileRef = 8351CC8F2BFC76E200C1C93B /* HomePrivateCell.swift */; };
		8351CC932BFC823400C1C93B /* UploadHistoryVC.swift in Sources */ = {isa = PBXBuildFile; fileRef = 8351CC922BFC823400C1C93B /* UploadHistoryVC.swift */; };
		8351CC962BFC824700C1C93B /* UploadHistoryCell.swift in Sources */ = {isa = PBXBuildFile; fileRef = 8351CC952BFC824700C1C93B /* UploadHistoryCell.swift */; };
		839E3EFC2BE47F7200455220 /* View.swift in Sources */ = {isa = PBXBuildFile; fileRef = 839E3EFB2BE47F7200455220 /* View.swift */; };
		839E3EFE2BE4BDAA00455220 /* AnyCodableValue.swift in Sources */ = {isa = PBXBuildFile; fileRef = 839E3EFD2BE4BDAA00455220 /* AnyCodableValue.swift */; };
		839E3F002BE4BDD200455220 /* MG.swift in Sources */ = {isa = PBXBuildFile; fileRef = 839E3EFF2BE4BDD200455220 /* MG.swift */; };
		839E3F022BE4BE0800455220 /* MgVM.swift in Sources */ = {isa = PBXBuildFile; fileRef = 839E3F012BE4BE0800455220 /* MgVM.swift */; };
		839E3F042BE4C01400455220 /* AccountCell.swift in Sources */ = {isa = PBXBuildFile; fileRef = 839E3F032BE4C01400455220 /* AccountCell.swift */; };
		839E3F062BE4D7BA00455220 /* AboutCompanyCV.swift in Sources */ = {isa = PBXBuildFile; fileRef = 839E3F052BE4D7BA00455220 /* AboutCompanyCV.swift */; };
		839E3F082BE4DE5B00455220 /* AccountViewVC.swift in Sources */ = {isa = PBXBuildFile; fileRef = 839E3F072BE4DE5B00455220 /* AccountViewVC.swift */; };
		839E3F0A2BE4E59500455220 /* ProfileUpdateUser.swift in Sources */ = {isa = PBXBuildFile; fileRef = 839E3F092BE4E59500455220 /* ProfileUpdateUser.swift */; };
		83A4D8512BF741B50056E123 /* PDFViewer.swift in Sources */ = {isa = PBXBuildFile; fileRef = 83A4D8502BF741B50056E123 /* PDFViewer.swift */; };
		83A4D8532BF742280056E123 /* ViewRepresentable.swift in Sources */ = {isa = PBXBuildFile; fileRef = 83A4D8522BF742280056E123 /* ViewRepresentable.swift */; };
		83A4D8572BF74BDD0056E123 /* AppDetailModel.swift in Sources */ = {isa = PBXBuildFile; fileRef = 83A4D8562BF74BDD0056E123 /* AppDetailModel.swift */; };
		83A4D8592BF74BF40056E123 /* AppDetailVM.swift in Sources */ = {isa = PBXBuildFile; fileRef = 83A4D8582BF74BF40056E123 /* AppDetailVM.swift */; };
		83ADC8742BFB50E900825288 /* GoogleSignIn in Frameworks */ = {isa = PBXBuildFile; productRef = 83ADC8732BFB50E900825288 /* GoogleSignIn */; };
		83BA97302BEB5F3C0044FA01 /* NotificationCenter.swift in Sources */ = {isa = PBXBuildFile; fileRef = 83BA972F2BEB5F3C0044FA01 /* NotificationCenter.swift */; };
		83C0B6A52BEDB47E00AACB56 /* JsonLocalizedManager.swift in Sources */ = {isa = PBXBuildFile; fileRef = 83C0B6A42BEDB47E00AACB56 /* JsonLocalizedManager.swift */; };
		83C0B6A72BEDB49300AACB56 /* JsonLocalized.swift in Sources */ = {isa = PBXBuildFile; fileRef = 83C0B6A62BEDB49300AACB56 /* JsonLocalized.swift */; };
		83C0B6AD2BEDB7E900AACB56 /* My.swift in Sources */ = {isa = PBXBuildFile; fileRef = 83C0B6AC2BEDB7E900AACB56 /* My.swift */; };
		83C0B6AF2BEDB86000AACB56 /* Share.swift in Sources */ = {isa = PBXBuildFile; fileRef = 83C0B6AE2BEDB86000AACB56 /* Share.swift */; };
		83C0B6B02BEDB8D700AACB56 /* LocalizedString.strings in Resources */ = {isa = PBXBuildFile; fileRef = 83C0B6B12BEDB8D700AACB56 /* LocalizedString.strings */; };
		83C195C12BE9D4EB00E9E5A3 /* SDWebImageSwiftUI in Frameworks */ = {isa = PBXBuildFile; productRef = 83C195C02BE9D4EB00E9E5A3 /* SDWebImageSwiftUI */; };
		83C195C42BEA1E8000E9E5A3 /* AppDelegate.swift in Sources */ = {isa = PBXBuildFile; fileRef = 83C195C32BEA1E8000E9E5A3 /* AppDelegate.swift */; };
		83C195C62BEA1F1700E9E5A3 /* SceneDelegate.swift in Sources */ = {isa = PBXBuildFile; fileRef = 83C195C52BEA1F1700E9E5A3 /* SceneDelegate.swift */; };
		83D33D422BEB12D00014F8AB /* FittedSheetsSwiftUI in Frameworks */ = {isa = PBXBuildFile; productRef = 83D33D412BEB12D00014F8AB /* FittedSheetsSwiftUI */; };
		83ED51D82BECD7380093DF90 /* DateFormatter.swift in Sources */ = {isa = PBXBuildFile; fileRef = 83ED51D72BECD7380093DF90 /* DateFormatter.swift */; };
		83F1BA492BF7149A00A20967 /* AppDetailVC.swift in Sources */ = {isa = PBXBuildFile; fileRef = 83F1BA482BF7149A00A20967 /* AppDetailVC.swift */; };
		83F1BA4D2BF715EA00A20967 /* AppDetailCell.swift in Sources */ = {isa = PBXBuildFile; fileRef = 83F1BA4C2BF715EA00A20967 /* AppDetailCell.swift */; };
		83F1BA502BF72E2500A20967 /* PDFViewer in Frameworks */ = {isa = PBXBuildFile; productRef = 83F1BA4F2BF72E2500A20967 /* PDFViewer */; };
		83F1BA572BF72EC000A20967 /* 31st TOPIK Papers Intermediate.pdf in Resources */ = {isa = PBXBuildFile; fileRef = 83F1BA542BF72EBF00A20967 /* 31st TOPIK Papers Intermediate.pdf */; };
		83F1BA582BF72EC000A20967 /* 33rd-TOPIK-Papers-Intermediate.pdf in Resources */ = {isa = PBXBuildFile; fileRef = 83F1BA552BF72EC000A20967 /* 33rd-TOPIK-Papers-Intermediate.pdf */; };
		83F1BA592BF72EC000A20967 /* 32nd-TOPIK-Papers-Intermediate.pdf in Resources */ = {isa = PBXBuildFile; fileRef = 83F1BA562BF72EC000A20967 /* 32nd-TOPIK-Papers-Intermediate.pdf */; };
		83F1BA5B2BF7385C00A20967 /* DownloadManager.swift in Sources */ = {isa = PBXBuildFile; fileRef = 83F1BA5A2BF7385C00A20967 /* DownloadManager.swift */; };
		FD3525402BFC5B22001AE903 /* CameraView.swift in Sources */ = {isa = PBXBuildFile; fileRef = FD35253F2BFC5B22001AE903 /* CameraView.swift */; };
		FD6701562BFAEF1B000C43A7 /* ModifiedView.swift in Sources */ = {isa = PBXBuildFile; fileRef = FD6701552BFAEF1B000C43A7 /* ModifiedView.swift */; };
/* End PBXBuildFile section */

/* Begin PBXFileReference section */
		83283F722BF5E4B300318479 /* SUImagePickerView.swift */ = {isa = PBXFileReference; lastKnownFileType = sourcecode.swift; path = SUImagePickerView.swift; sourceTree = "<group>"; };
		83283F752BF5EC7000318479 /* RegisterProfile.swift */ = {isa = PBXFileReference; lastKnownFileType = sourcecode.swift; path = RegisterProfile.swift; sourceTree = "<group>"; };
		83283F772BF5F71A00318479 /* NavigationView.swift */ = {isa = PBXFileReference; lastKnownFileType = sourcecode.swift; path = NavigationView.swift; sourceTree = "<group>"; };
		83283F7A2BF60FA300318479 /* LoginPopView.swift */ = {isa = PBXFileReference; lastKnownFileType = sourcecode.swift; path = LoginPopView.swift; sourceTree = "<group>"; };
		834875E02BE32996008A50CB /* ActivityIndicatorLoading.swift */ = {isa = PBXFileReference; lastKnownFileType = sourcecode.swift; path = ActivityIndicatorLoading.swift; sourceTree = "<group>"; };
		834875EA2BE33281008A50CB /* LoginScreen.swift */ = {isa = PBXFileReference; lastKnownFileType = sourcecode.swift; path = LoginScreen.swift; sourceTree = "<group>"; };
		834875EE2BE33314008A50CB /* LoginModel.swift */ = {isa = PBXFileReference; lastKnownFileType = sourcecode.swift; path = LoginModel.swift; sourceTree = "<group>"; };
		834875F02BE33326008A50CB /* LoginVM.swift */ = {isa = PBXFileReference; lastKnownFileType = sourcecode.swift; path = LoginVM.swift; sourceTree = "<group>"; };
		834875F22BE33384008A50CB /* HomeModel.swift */ = {isa = PBXFileReference; lastKnownFileType = sourcecode.swift; path = HomeModel.swift; sourceTree = "<group>"; };
		834875F42BE3338D008A50CB /* HomeVM.swift */ = {isa = PBXFileReference; lastKnownFileType = sourcecode.swift; path = HomeVM.swift; sourceTree = "<group>"; };
		834875F72BE33516008A50CB /* HomeDetailVC.swift */ = {isa = PBXFileReference; lastKnownFileType = sourcecode.swift; path = HomeDetailVC.swift; sourceTree = "<group>"; };
		834875FA2BE335B2008A50CB /* HomeCell.swift */ = {isa = PBXFileReference; lastKnownFileType = sourcecode.swift; path = HomeCell.swift; sourceTree = "<group>"; };
		834875FE2BE33B2C008A50CB /* LessDetailHomeCell.swift */ = {isa = PBXFileReference; lastKnownFileType = sourcecode.swift; path = LessDetailHomeCell.swift; sourceTree = "<group>"; };
		834876012BE33C0D008A50CB /* StatusView.swift */ = {isa = PBXFileReference; lastKnownFileType = sourcecode.swift; path = StatusView.swift; sourceTree = "<group>"; };
		834876042BE33E90008A50CB /* NotFoundCell.swift */ = {isa = PBXFileReference; lastKnownFileType = sourcecode.swift; path = NotFoundCell.swift; sourceTree = "<group>"; };
		834876072BE341E8008A50CB /* FooterHomeCell.swift */ = {isa = PBXFileReference; lastKnownFileType = sourcecode.swift; path = FooterHomeCell.swift; sourceTree = "<group>"; };
		8348760A2BE343BB008A50CB /* ReuseStatusUpdateView.swift */ = {isa = PBXFileReference; lastKnownFileType = sourcecode.swift; path = ReuseStatusUpdateView.swift; sourceTree = "<group>"; };
		8348760E2BE34E9D008A50CB /* AppVersionDetailViewCell.swift */ = {isa = PBXFileReference; lastKnownFileType = sourcecode.swift; path = AppVersionDetailViewCell.swift; sourceTree = "<group>"; };
		834876102BE38C82008A50CB /* ProfileDetailViewVC.swift */ = {isa = PBXFileReference; lastKnownFileType = sourcecode.swift; path = ProfileDetailViewVC.swift; sourceTree = "<group>"; };
		834876122BE38C92008A50CB /* ProfileUserVM.swift */ = {isa = PBXFileReference; lastKnownFileType = sourcecode.swift; path = ProfileUserVM.swift; sourceTree = "<group>"; };
		834876142BE38C9F008A50CB /* ProfileModel.swift */ = {isa = PBXFileReference; lastKnownFileType = sourcecode.swift; path = ProfileModel.swift; sourceTree = "<group>"; };
		834876172BE38DC9008A50CB /* ProfileMoreDetailCell.swift */ = {isa = PBXFileReference; lastKnownFileType = sourcecode.swift; path = ProfileMoreDetailCell.swift; sourceTree = "<group>"; };
		834876192BE38DE3008A50CB /* ProfileListCell.swift */ = {isa = PBXFileReference; lastKnownFileType = sourcecode.swift; path = ProfileListCell.swift; sourceTree = "<group>"; };
		834B70202BE0C4A2006FB95C /* KOSIGNStore.app */ = {isa = PBXFileReference; explicitFileType = wrapper.application; includeInIndex = 0; path = KOSIGNStore.app; sourceTree = BUILT_PRODUCTS_DIR; };
		834B70232BE0C4A2006FB95C /* KOSIGNSTORE_iOSApp.swift */ = {isa = PBXFileReference; lastKnownFileType = sourcecode.swift; path = KOSIGNSTORE_iOSApp.swift; sourceTree = "<group>"; };
		834B70272BE0C4A5006FB95C /* Assets.xcassets */ = {isa = PBXFileReference; lastKnownFileType = folder.assetcatalog; path = Assets.xcassets; sourceTree = "<group>"; };
		834B702A2BE0C4A5006FB95C /* Preview Assets.xcassets */ = {isa = PBXFileReference; lastKnownFileType = folder.assetcatalog; path = "Preview Assets.xcassets"; sourceTree = "<group>"; };
		834B703A2BE0D80D006FB95C /* Encodable.swift */ = {isa = PBXFileReference; lastKnownFileType = sourcecode.swift; path = Encodable.swift; sourceTree = "<group>"; };
		834B703C2BE0DA7C006FB95C /* Log.swift */ = {isa = PBXFileReference; lastKnownFileType = sourcecode.swift; path = Log.swift; sourceTree = "<group>"; };
		834B703E2BE0DA89006FB95C /* Shared.swift */ = {isa = PBXFileReference; lastKnownFileType = sourcecode.swift; path = Shared.swift; sourceTree = "<group>"; };
		834B70402BE0DA9C006FB95C /* MyJson.swift */ = {isa = PBXFileReference; lastKnownFileType = sourcecode.swift; path = MyJson.swift; sourceTree = "<group>"; };
		834B70422BE0DC65006FB95C /* NetworkManager.swift */ = {isa = PBXFileReference; lastKnownFileType = sourcecode.swift; path = NetworkManager.swift; sourceTree = "<group>"; };
		834B704B2BE0DF80006FB95C /* Data.swift */ = {isa = PBXFileReference; lastKnownFileType = sourcecode.swift; path = Data.swift; sourceTree = "<group>"; };
		834B704D2BE0DFF2006FB95C /* Content.swift */ = {isa = PBXFileReference; lastKnownFileType = sourcecode.swift; path = Content.swift; sourceTree = "<group>"; };
		834B704F2BE0E02F006FB95C /* Model.swift */ = {isa = PBXFileReference; lastKnownFileType = sourcecode.swift; path = Model.swift; sourceTree = "<group>"; };
		834B70512BE0E05D006FB95C /* String.swift */ = {isa = PBXFileReference; lastKnownFileType = sourcecode.swift; path = String.swift; sourceTree = "<group>"; };
		834B70532BE0E58E006FB95C /* HomeVC.swift */ = {isa = PBXFileReference; lastKnownFileType = sourcecode.swift; path = HomeVC.swift; sourceTree = "<group>"; };
		834B70562BE0E6D6006FB95C /* LaunchScreen.swift */ = {isa = PBXFileReference; lastKnownFileType = sourcecode.swift; path = LaunchScreen.swift; sourceTree = "<group>"; };
		834B705A2BE0E913006FB95C /* Rubik-VariableFont_wght.ttf */ = {isa = PBXFileReference; lastKnownFileType = file; path = "Rubik-VariableFont_wght.ttf"; sourceTree = "<group>"; };
		834B705B2BE0E913006FB95C /* Rubik-Italic-VariableFont_wght.ttf */ = {isa = PBXFileReference; lastKnownFileType = file; path = "Rubik-Italic-VariableFont_wght.ttf"; sourceTree = "<group>"; };
		834B705D2BE0E913006FB95C /* Rubik-MediumItalic.ttf */ = {isa = PBXFileReference; lastKnownFileType = file; path = "Rubik-MediumItalic.ttf"; sourceTree = "<group>"; };
		834B705E2BE0E914006FB95C /* Rubik-Bold.ttf */ = {isa = PBXFileReference; lastKnownFileType = file; path = "Rubik-Bold.ttf"; sourceTree = "<group>"; };
		834B705F2BE0E914006FB95C /* Rubik-SemiBoldItalic.ttf */ = {isa = PBXFileReference; lastKnownFileType = file; path = "Rubik-SemiBoldItalic.ttf"; sourceTree = "<group>"; };
		834B70602BE0E914006FB95C /* Rubik-Light.ttf */ = {isa = PBXFileReference; lastKnownFileType = file; path = "Rubik-Light.ttf"; sourceTree = "<group>"; };
		834B70612BE0E914006FB95C /* Rubik-Medium.ttf */ = {isa = PBXFileReference; lastKnownFileType = file; path = "Rubik-Medium.ttf"; sourceTree = "<group>"; };
		834B70622BE0E914006FB95C /* Rubik-ExtraBoldItalic.ttf */ = {isa = PBXFileReference; lastKnownFileType = file; path = "Rubik-ExtraBoldItalic.ttf"; sourceTree = "<group>"; };
		834B70632BE0E914006FB95C /* Rubik-Black.ttf */ = {isa = PBXFileReference; lastKnownFileType = file; path = "Rubik-Black.ttf"; sourceTree = "<group>"; };
		834B70642BE0E914006FB95C /* Rubik-Italic.ttf */ = {isa = PBXFileReference; lastKnownFileType = file; path = "Rubik-Italic.ttf"; sourceTree = "<group>"; };
		834B70652BE0E914006FB95C /* Rubik-LightItalic.ttf */ = {isa = PBXFileReference; lastKnownFileType = file; path = "Rubik-LightItalic.ttf"; sourceTree = "<group>"; };
		834B70662BE0E914006FB95C /* Rubik-SemiBold.ttf */ = {isa = PBXFileReference; lastKnownFileType = file; path = "Rubik-SemiBold.ttf"; sourceTree = "<group>"; };
		834B70672BE0E914006FB95C /* Rubik-BlackItalic.ttf */ = {isa = PBXFileReference; lastKnownFileType = file; path = "Rubik-BlackItalic.ttf"; sourceTree = "<group>"; };
		834B70682BE0E914006FB95C /* Rubik-ExtraBold.ttf */ = {isa = PBXFileReference; lastKnownFileType = file; path = "Rubik-ExtraBold.ttf"; sourceTree = "<group>"; };
		834B70692BE0E914006FB95C /* Rubik-Regular.ttf */ = {isa = PBXFileReference; lastKnownFileType = file; path = "Rubik-Regular.ttf"; sourceTree = "<group>"; };
		834B706A2BE0E914006FB95C /* Rubik-BoldItalic.ttf */ = {isa = PBXFileReference; lastKnownFileType = file; path = "Rubik-BoldItalic.ttf"; sourceTree = "<group>"; };
		834B706B2BE0E914006FB95C /* OFL.txt */ = {isa = PBXFileReference; fileEncoding = 4; lastKnownFileType = text; path = OFL.txt; sourceTree = "<group>"; };
		834B706C2BE0E914006FB95C /* README.txt */ = {isa = PBXFileReference; fileEncoding = 4; lastKnownFileType = text; path = README.txt; sourceTree = "<group>"; };
		834B707F2BE0EC58006FB95C /* KOSIGNSTORE--iOS-Info.plist */ = {isa = PBXFileReference; lastKnownFileType = text.plist; path = "KOSIGNSTORE--iOS-Info.plist"; sourceTree = SOURCE_ROOT; };
		834B70812BE0ED89006FB95C /* Fonts.swift */ = {isa = PBXFileReference; lastKnownFileType = sourcecode.swift; path = Fonts.swift; sourceTree = "<group>"; };
		8351CC8B2BFC3BA400C1C93B /* FirebAuth.swift */ = {isa = PBXFileReference; lastKnownFileType = sourcecode.swift; path = FirebAuth.swift; sourceTree = "<group>"; };
		8351CC8D2BFC4A0F00C1C93B /* GoogleService-Info.plist */ = {isa = PBXFileReference; fileEncoding = 4; lastKnownFileType = text.plist.xml; path = "GoogleService-Info.plist"; sourceTree = "<group>"; };
		8351CC8F2BFC76E200C1C93B /* HomePrivateCell.swift */ = {isa = PBXFileReference; lastKnownFileType = sourcecode.swift; path = HomePrivateCell.swift; sourceTree = "<group>"; };
		8351CC922BFC823400C1C93B /* UploadHistoryVC.swift */ = {isa = PBXFileReference; lastKnownFileType = sourcecode.swift; path = UploadHistoryVC.swift; sourceTree = "<group>"; };
		8351CC952BFC824700C1C93B /* UploadHistoryCell.swift */ = {isa = PBXFileReference; lastKnownFileType = sourcecode.swift; path = UploadHistoryCell.swift; sourceTree = "<group>"; };
		839E3EFB2BE47F7200455220 /* View.swift */ = {isa = PBXFileReference; lastKnownFileType = sourcecode.swift; path = View.swift; sourceTree = "<group>"; };
		839E3EFD2BE4BDAA00455220 /* AnyCodableValue.swift */ = {isa = PBXFileReference; lastKnownFileType = sourcecode.swift; path = AnyCodableValue.swift; sourceTree = "<group>"; };
		839E3EFF2BE4BDD200455220 /* MG.swift */ = {isa = PBXFileReference; lastKnownFileType = sourcecode.swift; path = MG.swift; sourceTree = "<group>"; };
		839E3F012BE4BE0800455220 /* MgVM.swift */ = {isa = PBXFileReference; lastKnownFileType = sourcecode.swift; path = MgVM.swift; sourceTree = "<group>"; };
		839E3F032BE4C01400455220 /* AccountCell.swift */ = {isa = PBXFileReference; lastKnownFileType = sourcecode.swift; path = AccountCell.swift; sourceTree = "<group>"; };
		839E3F052BE4D7BA00455220 /* AboutCompanyCV.swift */ = {isa = PBXFileReference; lastKnownFileType = sourcecode.swift; path = AboutCompanyCV.swift; sourceTree = "<group>"; };
		839E3F072BE4DE5B00455220 /* AccountViewVC.swift */ = {isa = PBXFileReference; lastKnownFileType = sourcecode.swift; path = AccountViewVC.swift; sourceTree = "<group>"; };
		839E3F092BE4E59500455220 /* ProfileUpdateUser.swift */ = {isa = PBXFileReference; lastKnownFileType = sourcecode.swift; path = ProfileUpdateUser.swift; sourceTree = "<group>"; };
		83A4D84F2BF73C8F0056E123 /* 02.자기소개하기.pptx */ = {isa = PBXFileReference; lastKnownFileType = file; path = "02.자기소개하기.pptx"; sourceTree = "<group>"; };
		83A4D8502BF741B50056E123 /* PDFViewer.swift */ = {isa = PBXFileReference; lastKnownFileType = sourcecode.swift; path = PDFViewer.swift; sourceTree = "<group>"; };
		83A4D8522BF742280056E123 /* ViewRepresentable.swift */ = {isa = PBXFileReference; lastKnownFileType = sourcecode.swift; path = ViewRepresentable.swift; sourceTree = "<group>"; };
		83A4D8562BF74BDD0056E123 /* AppDetailModel.swift */ = {isa = PBXFileReference; lastKnownFileType = sourcecode.swift; path = AppDetailModel.swift; sourceTree = "<group>"; };
		83A4D8582BF74BF40056E123 /* AppDetailVM.swift */ = {isa = PBXFileReference; lastKnownFileType = sourcecode.swift; path = AppDetailVM.swift; sourceTree = "<group>"; };
		83BA972F2BEB5F3C0044FA01 /* NotificationCenter.swift */ = {isa = PBXFileReference; lastKnownFileType = sourcecode.swift; path = NotificationCenter.swift; sourceTree = "<group>"; };
		83C0B6A42BEDB47E00AACB56 /* JsonLocalizedManager.swift */ = {isa = PBXFileReference; lastKnownFileType = sourcecode.swift; path = JsonLocalizedManager.swift; sourceTree = "<group>"; };
		83C0B6A62BEDB49300AACB56 /* JsonLocalized.swift */ = {isa = PBXFileReference; lastKnownFileType = sourcecode.swift; path = JsonLocalized.swift; sourceTree = "<group>"; };
		83C0B6AC2BEDB7E900AACB56 /* My.swift */ = {isa = PBXFileReference; lastKnownFileType = sourcecode.swift; path = My.swift; sourceTree = "<group>"; };
		83C0B6AE2BEDB86000AACB56 /* Share.swift */ = {isa = PBXFileReference; lastKnownFileType = sourcecode.swift; path = Share.swift; sourceTree = "<group>"; };
		83C0B6B12BEDB8D700AACB56 /* LocalizedString.strings */ = {isa = PBXFileReference; lastKnownFileType = text.plist.strings; path = LocalizedString.strings; sourceTree = "<group>"; };
		83C195C32BEA1E8000E9E5A3 /* AppDelegate.swift */ = {isa = PBXFileReference; lastKnownFileType = sourcecode.swift; path = AppDelegate.swift; sourceTree = "<group>"; };
		83C195C52BEA1F1700E9E5A3 /* SceneDelegate.swift */ = {isa = PBXFileReference; lastKnownFileType = sourcecode.swift; path = SceneDelegate.swift; sourceTree = "<group>"; };
		83ED51D72BECD7380093DF90 /* DateFormatter.swift */ = {isa = PBXFileReference; lastKnownFileType = sourcecode.swift; path = DateFormatter.swift; sourceTree = "<group>"; };
		83F1BA482BF7149A00A20967 /* AppDetailVC.swift */ = {isa = PBXFileReference; lastKnownFileType = sourcecode.swift; path = AppDetailVC.swift; sourceTree = "<group>"; };
		83F1BA4C2BF715EA00A20967 /* AppDetailCell.swift */ = {isa = PBXFileReference; lastKnownFileType = sourcecode.swift; path = AppDetailCell.swift; sourceTree = "<group>"; };
		83F1BA542BF72EBF00A20967 /* 31st TOPIK Papers Intermediate.pdf */ = {isa = PBXFileReference; lastKnownFileType = image.pdf; path = "31st TOPIK Papers Intermediate.pdf"; sourceTree = "<group>"; };
		83F1BA552BF72EC000A20967 /* 33rd-TOPIK-Papers-Intermediate.pdf */ = {isa = PBXFileReference; lastKnownFileType = image.pdf; path = "33rd-TOPIK-Papers-Intermediate.pdf"; sourceTree = "<group>"; };
		83F1BA562BF72EC000A20967 /* 32nd-TOPIK-Papers-Intermediate.pdf */ = {isa = PBXFileReference; lastKnownFileType = image.pdf; path = "32nd-TOPIK-Papers-Intermediate.pdf"; sourceTree = "<group>"; };
		83F1BA5A2BF7385C00A20967 /* DownloadManager.swift */ = {isa = PBXFileReference; lastKnownFileType = sourcecode.swift; path = DownloadManager.swift; sourceTree = "<group>"; };
		FD35253F2BFC5B22001AE903 /* CameraView.swift */ = {isa = PBXFileReference; lastKnownFileType = sourcecode.swift; path = CameraView.swift; sourceTree = "<group>"; };
		FD6701552BFAEF1B000C43A7 /* ModifiedView.swift */ = {isa = PBXFileReference; lastKnownFileType = sourcecode.swift; path = ModifiedView.swift; sourceTree = "<group>"; };
/* End PBXFileReference section */

/* Begin PBXFrameworksBuildPhase section */
		834B701D2BE0C4A2006FB95C /* Frameworks */ = {
			isa = PBXFrameworksBuildPhase;
			buildActionMask = 2147483647;
			files = (
				8351CC7E2BFC3A6900C1C93B /* FirebasePerformance in Frameworks */,
				8351CC6C2BFC3A6900C1C93B /* FirebaseFirestoreCombine-Community in Frameworks */,
				8351CC662BFC3A6900C1C93B /* FirebaseDatabaseSwift in Frameworks */,
				8351CC842BFC3A6900C1C93B /* FirebaseStorage in Frameworks */,
				8351CC682BFC3A6900C1C93B /* FirebaseDynamicLinks in Frameworks */,
				8351CC6E2BFC3A6900C1C93B /* FirebaseFirestoreSwift in Frameworks */,
				83D33D422BEB12D00014F8AB /* FittedSheetsSwiftUI in Frameworks */,
				8351CC742BFC3A6900C1C93B /* FirebaseInAppMessaging-Beta in Frameworks */,
				8351CC5E2BFC3A6900C1C93B /* FirebaseAuth in Frameworks */,
				8351CC882BFC3A6900C1C93B /* FirebaseVertexAI-Preview in Frameworks */,
				8351CC7A2BFC3A6900C1C93B /* FirebaseMLModelDownloader in Frameworks */,
				8351CC822BFC3A6900C1C93B /* FirebaseRemoteConfigSwift in Frameworks */,
				83ADC8742BFB50E900825288 /* GoogleSignIn in Frameworks */,
				8351CC7C2BFC3A6900C1C93B /* FirebaseMessaging in Frameworks */,
				8351CC782BFC3A6900C1C93B /* FirebaseInstallations in Frameworks */,
				8351CC722BFC3A6900C1C93B /* FirebaseFunctionsCombine-Community in Frameworks */,
				8351CC6A2BFC3A6900C1C93B /* FirebaseFirestore in Frameworks */,
				8351CC862BFC3A6900C1C93B /* FirebaseStorageCombine-Community in Frameworks */,
				8351CC5C2BFC3A6900C1C93B /* FirebaseAppDistribution-Beta in Frameworks */,
				83F1BA502BF72E2500A20967 /* PDFViewer in Frameworks */,
				8351CC622BFC3A6900C1C93B /* FirebaseCrashlytics in Frameworks */,
				8351CC642BFC3A6900C1C93B /* FirebaseDatabase in Frameworks */,
				8351CC802BFC3A6900C1C93B /* FirebaseRemoteConfig in Frameworks */,
				8351CC702BFC3A6900C1C93B /* FirebaseFunctions in Frameworks */,
				8351CC602BFC3A6900C1C93B /* FirebaseAuthCombine-Community in Frameworks */,
				8351CC762BFC3A6900C1C93B /* FirebaseInAppMessagingSwift-Beta in Frameworks */,
				83C195C12BE9D4EB00E9E5A3 /* SDWebImageSwiftUI in Frameworks */,
			);
			runOnlyForDeploymentPostprocessing = 0;
		};
/* End PBXFrameworksBuildPhase section */

/* Begin PBXGroup section */
		83283F742BF5EC5300318479 /* Popup  */ = {
			isa = PBXGroup;
			children = (
				83283F752BF5EC7000318479 /* RegisterProfile.swift */,
			);
			path = "Popup ";
			sourceTree = "<group>";
		};
		83283F792BF60F9200318479 /* LoginPop */ = {
			isa = PBXGroup;
			children = (
				83283F7A2BF60FA300318479 /* LoginPopView.swift */,
			);
			path = LoginPop;
			sourceTree = "<group>";
		};
		834875DF2BE328C3008A50CB /* Loading */ = {
			isa = PBXGroup;
			children = (
				834875E02BE32996008A50CB /* ActivityIndicatorLoading.swift */,
			);
			path = Loading;
			sourceTree = "<group>";
		};
		834875E22BE331B3008A50CB /* View */ = {
			isa = PBXGroup;
			children = (
				834875EA2BE33281008A50CB /* LoginScreen.swift */,
			);
			path = View;
			sourceTree = "<group>";
		};
		834875E32BE331BA008A50CB /* ViewModel */ = {
			isa = PBXGroup;
			children = (
				834875F02BE33326008A50CB /* LoginVM.swift */,
				839E3F012BE4BE0800455220 /* MgVM.swift */,
				83BA972F2BEB5F3C0044FA01 /* NotificationCenter.swift */,
			);
			path = ViewModel;
			sourceTree = "<group>";
		};
		834875E42BE331CA008A50CB /* Model */ = {
			isa = PBXGroup;
			children = (
				834875EE2BE33314008A50CB /* LoginModel.swift */,
				839E3EFF2BE4BDD200455220 /* MG.swift */,
			);
			path = Model;
			sourceTree = "<group>";
		};
		834875E52BE331E0008A50CB /* View */ = {
			isa = PBXGroup;
			children = (
				834876162BE38D98008A50CB /* Cell */,
				834876102BE38C82008A50CB /* ProfileDetailViewVC.swift */,
				839E3F052BE4D7BA00455220 /* AboutCompanyCV.swift */,
				839E3F072BE4DE5B00455220 /* AccountViewVC.swift */,
				839E3F092BE4E59500455220 /* ProfileUpdateUser.swift */,
			);
			path = View;
			sourceTree = "<group>";
		};
		834875E62BE331E9008A50CB /* ViewModel */ = {
			isa = PBXGroup;
			children = (
				834876122BE38C92008A50CB /* ProfileUserVM.swift */,
			);
			path = ViewModel;
			sourceTree = "<group>";
		};
		834875E72BE331F1008A50CB /* Model */ = {
			isa = PBXGroup;
			children = (
				834876142BE38C9F008A50CB /* ProfileModel.swift */,
			);
			path = Model;
			sourceTree = "<group>";
		};
		834875E92BE33202008A50CB /* DetailCell */ = {
			isa = PBXGroup;
			children = (
				834875FA2BE335B2008A50CB /* HomeCell.swift */,
				8351CC8F2BFC76E200C1C93B /* HomePrivateCell.swift */,
			);
			path = DetailCell;
			sourceTree = "<group>";
		};
		834875F62BE334F1008A50CB /* HomeDetail */ = {
			isa = PBXGroup;
			children = (
				8348760D2BE34E75008A50CB /* Cell */,
				834875F72BE33516008A50CB /* HomeDetailVC.swift */,
			);
			path = HomeDetail;
			sourceTree = "<group>";
		};
		834875F92BE33599008A50CB /* Home */ = {
			isa = PBXGroup;
			children = (
				8351CC912BFC820D00C1C93B /* UploadHistory */,
				83F1BA472BF7146B00A20967 /* NewUIDownloadTopic */,
				8348760C2BE34945008A50CB /* Cell */,
				834B70532BE0E58E006FB95C /* HomeVC.swift */,
			);
			path = Home;
			sourceTree = "<group>";
		};
		834875FD2BE33AEC008A50CB /* LessDetailCell */ = {
			isa = PBXGroup;
			children = (
				834875FE2BE33B2C008A50CB /* LessDetailHomeCell.swift */,
			);
			path = LessDetailCell;
			sourceTree = "<group>";
		};
		834876002BE33BF6008A50CB /* ViewStatus */ = {
			isa = PBXGroup;
			children = (
				834876012BE33C0D008A50CB /* StatusView.swift */,
			);
			path = ViewStatus;
			sourceTree = "<group>";
		};
		834876032BE33E5C008A50CB /* NoResultCell */ = {
			isa = PBXGroup;
			children = (
				834876042BE33E90008A50CB /* NotFoundCell.swift */,
			);
			path = NoResultCell;
			sourceTree = "<group>";
		};
		834876062BE341BF008A50CB /* FooterHomeCell */ = {
			isa = PBXGroup;
			children = (
				834876072BE341E8008A50CB /* FooterHomeCell.swift */,
			);
			path = FooterHomeCell;
			sourceTree = "<group>";
		};
		834876092BE34317008A50CB /* ReuseStatusUpdateView */ = {
			isa = PBXGroup;
			children = (
				8348760A2BE343BB008A50CB /* ReuseStatusUpdateView.swift */,
			);
			path = ReuseStatusUpdateView;
			sourceTree = "<group>";
		};
		8348760C2BE34945008A50CB /* Cell */ = {
			isa = PBXGroup;
			children = (
				834876062BE341BF008A50CB /* FooterHomeCell */,
				834876032BE33E5C008A50CB /* NoResultCell */,
				834875FD2BE33AEC008A50CB /* LessDetailCell */,
				834875E92BE33202008A50CB /* DetailCell */,
			);
			path = Cell;
			sourceTree = "<group>";
		};
		8348760D2BE34E75008A50CB /* Cell */ = {
			isa = PBXGroup;
			children = (
				8348760E2BE34E9D008A50CB /* AppVersionDetailViewCell.swift */,
			);
			path = Cell;
			sourceTree = "<group>";
		};
		834876162BE38D98008A50CB /* Cell */ = {
			isa = PBXGroup;
			children = (
				834876172BE38DC9008A50CB /* ProfileMoreDetailCell.swift */,
				834876192BE38DE3008A50CB /* ProfileListCell.swift */,
				839E3F032BE4C01400455220 /* AccountCell.swift */,
			);
			path = Cell;
			sourceTree = "<group>";
		};
		834B70172BE0C4A2006FB95C = {
			isa = PBXGroup;
			children = (
				834B70222BE0C4A2006FB95C /* KOSIGNSTORE _iOS */,
				834B70212BE0C4A2006FB95C /* Products */,
				83ADC8822BFB52E600825288 /* Frameworks */,
			);
			sourceTree = "<group>";
		};
		834B70212BE0C4A2006FB95C /* Products */ = {
			isa = PBXGroup;
			children = (
				834B70202BE0C4A2006FB95C /* KOSIGNStore.app */,
			);
			name = Products;
			sourceTree = "<group>";
		};
		834B70222BE0C4A2006FB95C /* KOSIGNSTORE _iOS */ = {
			isa = PBXGroup;
			children = (
				8351CC8D2BFC4A0F00C1C93B /* GoogleService-Info.plist */,
				834B707F2BE0EC58006FB95C /* KOSIGNSTORE--iOS-Info.plist */,
				83C195C22BEA1E5D00E9E5A3 /* AppDelegate */,
				834B70372BE0D722006FB95C /* Lifecycle */,
				834B70362BE0C78A006FB95C /* Researce */,
				834B70312BE0C6D7006FB95C /* Application */,
				834B70292BE0C4A5006FB95C /* Preview Content */,
			);
			path = "KOSIGNSTORE _iOS";
			sourceTree = "<group>";
		};
		834B70292BE0C4A5006FB95C /* Preview Content */ = {
			isa = PBXGroup;
			children = (
				834B702A2BE0C4A5006FB95C /* Preview Assets.xcassets */,
			);
			path = "Preview Content";
			sourceTree = "<group>";
		};
		834B70312BE0C6D7006FB95C /* Application */ = {
			isa = PBXGroup;
			children = (
				FD35253E2BFC5AB3001AE903 /* Extension */,
				FD6701542BFAEE90000C43A7 /* ModifiedView */,
				834B70442BE0DEA2006FB95C /* Main */,
			);
			path = Application;
			sourceTree = "<group>";
		};
		834B70322BE0C6E5006FB95C /* Components */ = {
			isa = PBXGroup;
			children = (
			);
			path = Components;
			sourceTree = "<group>";
		};
		834B70332BE0C6F0006FB95C /* Utilities */ = {
			isa = PBXGroup;
			children = (
				83ED51D92BECD78E0093DF90 /* JsonLocalized */,
				834B70322BE0C6E5006FB95C /* Components */,
				834B70392BE0D7A5006FB95C /* MapingMultiTypeData */,
				834B70382BE0D79B006FB95C /* Custom */,
				834B70352BE0C779006FB95C /* Extention */,
				834B70342BE0C764006FB95C /* Network */,
			);
			path = Utilities;
			sourceTree = "<group>";
		};
		834B70342BE0C764006FB95C /* Network */ = {
			isa = PBXGroup;
			children = (
				834B703A2BE0D80D006FB95C /* Encodable.swift */,
				834B704F2BE0E02F006FB95C /* Model.swift */,
				834B703C2BE0DA7C006FB95C /* Log.swift */,
				834B70402BE0DA9C006FB95C /* MyJson.swift */,
				834B704B2BE0DF80006FB95C /* Data.swift */,
				834B703E2BE0DA89006FB95C /* Shared.swift */,
				834B704D2BE0DFF2006FB95C /* Content.swift */,
				834B70422BE0DC65006FB95C /* NetworkManager.swift */,
				83C0B6AE2BEDB86000AACB56 /* Share.swift */,
				83F1BA5A2BF7385C00A20967 /* DownloadManager.swift */,
			);
			path = Network;
			sourceTree = "<group>";
		};
		834B70352BE0C779006FB95C /* Extention */ = {
			isa = PBXGroup;
			children = (
				834B70512BE0E05D006FB95C /* String.swift */,
				839E3EFB2BE47F7200455220 /* View.swift */,
				83ED51D72BECD7380093DF90 /* DateFormatter.swift */,
				83C0B6AC2BEDB7E900AACB56 /* My.swift */,
				83283F722BF5E4B300318479 /* SUImagePickerView.swift */,
				83283F772BF5F71A00318479 /* NavigationView.swift */,
			);
			path = Extention;
			sourceTree = "<group>";
		};
		834B70362BE0C78A006FB95C /* Researce */ = {
			isa = PBXGroup;
			children = (
				83F1BA532BF72EB200A20967 /* PDF */,
				834B70582BE0E913006FB95C /* Font */,
				834B70272BE0C4A5006FB95C /* Assets.xcassets */,
				834B70332BE0C6F0006FB95C /* Utilities */,
			);
			path = Researce;
			sourceTree = "<group>";
		};
		834B70372BE0D722006FB95C /* Lifecycle */ = {
			isa = PBXGroup;
			children = (
				834B70232BE0C4A2006FB95C /* KOSIGNSTORE_iOSApp.swift */,
			);
			path = Lifecycle;
			sourceTree = "<group>";
		};
		834B70382BE0D79B006FB95C /* Custom */ = {
			isa = PBXGroup;
			children = (
				83283F792BF60F9200318479 /* LoginPop */,
				83283F742BF5EC5300318479 /* Popup  */,
				834876092BE34317008A50CB /* ReuseStatusUpdateView */,
				834876002BE33BF6008A50CB /* ViewStatus */,
				834875DF2BE328C3008A50CB /* Loading */,
				834B70812BE0ED89006FB95C /* Fonts.swift */,
			);
			path = Custom;
			sourceTree = "<group>";
		};
		834B70392BE0D7A5006FB95C /* MapingMultiTypeData */ = {
			isa = PBXGroup;
			children = (
				839E3EFD2BE4BDAA00455220 /* AnyCodableValue.swift */,
			);
			path = MapingMultiTypeData;
			sourceTree = "<group>";
		};
		834B70442BE0DEA2006FB95C /* Main */ = {
			isa = PBXGroup;
			children = (
				834B70552BE0E665006FB95C /* Launch */,
				834B70472BE0DECA006FB95C /* LogIn */,
				834B70462BE0DEC0006FB95C /* Profile */,
				834B70452BE0DEB9006FB95C /* Home */,
			);
			path = Main;
			sourceTree = "<group>";
		};
		834B70452BE0DEB9006FB95C /* Home */ = {
			isa = PBXGroup;
			children = (
				834B70492BE0DEDF006FB95C /* Model */,
				834B704A2BE0DEEC006FB95C /* ViewModel */,
				834B70482BE0DEDA006FB95C /* View */,
			);
			path = Home;
			sourceTree = "<group>";
		};
		834B70462BE0DEC0006FB95C /* Profile */ = {
			isa = PBXGroup;
			children = (
				834875E72BE331F1008A50CB /* Model */,
				834875E62BE331E9008A50CB /* ViewModel */,
				834875E52BE331E0008A50CB /* View */,
			);
			path = Profile;
			sourceTree = "<group>";
		};
		834B70472BE0DECA006FB95C /* LogIn */ = {
			isa = PBXGroup;
			children = (
				834875E42BE331CA008A50CB /* Model */,
				834875E32BE331BA008A50CB /* ViewModel */,
				834875E22BE331B3008A50CB /* View */,
			);
			path = LogIn;
			sourceTree = "<group>";
		};
		834B70482BE0DEDA006FB95C /* View */ = {
			isa = PBXGroup;
			children = (
				834875F92BE33599008A50CB /* Home */,
				834875F62BE334F1008A50CB /* HomeDetail */,
			);
			path = View;
			sourceTree = "<group>";
		};
		834B70492BE0DEDF006FB95C /* Model */ = {
			isa = PBXGroup;
			children = (
				834875F22BE33384008A50CB /* HomeModel.swift */,
			);
			path = Model;
			sourceTree = "<group>";
		};
		834B704A2BE0DEEC006FB95C /* ViewModel */ = {
			isa = PBXGroup;
			children = (
				834875F42BE3338D008A50CB /* HomeVM.swift */,
			);
			path = ViewModel;
			sourceTree = "<group>";
		};
		834B70552BE0E665006FB95C /* Launch */ = {
			isa = PBXGroup;
			children = (
				834B70562BE0E6D6006FB95C /* LaunchScreen.swift */,
			);
			name = Launch;
			sourceTree = "<group>";
		};
		834B70582BE0E913006FB95C /* Font */ = {
			isa = PBXGroup;
			children = (
				834B70592BE0E913006FB95C /* Rubik */,
			);
			path = Font;
			sourceTree = "<group>";
		};
		834B70592BE0E913006FB95C /* Rubik */ = {
			isa = PBXGroup;
			children = (
				834B705A2BE0E913006FB95C /* Rubik-VariableFont_wght.ttf */,
				834B705B2BE0E913006FB95C /* Rubik-Italic-VariableFont_wght.ttf */,
				834B705C2BE0E913006FB95C /* static */,
				834B706B2BE0E914006FB95C /* OFL.txt */,
				834B706C2BE0E914006FB95C /* README.txt */,
			);
			path = Rubik;
			sourceTree = "<group>";
		};
		834B705C2BE0E913006FB95C /* static */ = {
			isa = PBXGroup;
			children = (
				834B705D2BE0E913006FB95C /* Rubik-MediumItalic.ttf */,
				834B705E2BE0E914006FB95C /* Rubik-Bold.ttf */,
				834B705F2BE0E914006FB95C /* Rubik-SemiBoldItalic.ttf */,
				834B70602BE0E914006FB95C /* Rubik-Light.ttf */,
				834B70612BE0E914006FB95C /* Rubik-Medium.ttf */,
				834B70622BE0E914006FB95C /* Rubik-ExtraBoldItalic.ttf */,
				834B70632BE0E914006FB95C /* Rubik-Black.ttf */,
				834B70642BE0E914006FB95C /* Rubik-Italic.ttf */,
				834B70652BE0E914006FB95C /* Rubik-LightItalic.ttf */,
				834B70662BE0E914006FB95C /* Rubik-SemiBold.ttf */,
				834B70672BE0E914006FB95C /* Rubik-BlackItalic.ttf */,
				834B70682BE0E914006FB95C /* Rubik-ExtraBold.ttf */,
				834B70692BE0E914006FB95C /* Rubik-Regular.ttf */,
				834B706A2BE0E914006FB95C /* Rubik-BoldItalic.ttf */,
			);
			path = static;
			sourceTree = "<group>";
		};
		8351CC912BFC820D00C1C93B /* UploadHistory */ = {
			isa = PBXGroup;
			children = (
				8351CC942BFC823800C1C93B /* Cell */,
				8351CC922BFC823400C1C93B /* UploadHistoryVC.swift */,
			);
			path = UploadHistory;
			sourceTree = "<group>";
		};
		8351CC942BFC823800C1C93B /* Cell */ = {
			isa = PBXGroup;
			children = (
				8351CC952BFC824700C1C93B /* UploadHistoryCell.swift */,
			);
			path = Cell;
			sourceTree = "<group>";
		};
		83A4D8542BF74AAC0056E123 /* Model */ = {
			isa = PBXGroup;
			children = (
				83A4D8562BF74BDD0056E123 /* AppDetailModel.swift */,
			);
			path = Model;
			sourceTree = "<group>";
		};
		83A4D8552BF74AB20056E123 /* ViewModel */ = {
			isa = PBXGroup;
			children = (
				83A4D8582BF74BF40056E123 /* AppDetailVM.swift */,
			);
			path = ViewModel;
			sourceTree = "<group>";
		};
		83ADC8822BFB52E600825288 /* Frameworks */ = {
			isa = PBXGroup;
			children = (
			);
			name = Frameworks;
			sourceTree = "<group>";
		};
		83C195C22BEA1E5D00E9E5A3 /* AppDelegate */ = {
			isa = PBXGroup;
			children = (
				83C195C32BEA1E8000E9E5A3 /* AppDelegate.swift */,
				83C195C52BEA1F1700E9E5A3 /* SceneDelegate.swift */,
				8351CC8B2BFC3BA400C1C93B /* FirebAuth.swift */,
			);
			path = AppDelegate;
			sourceTree = "<group>";
		};
		83ED51D92BECD78E0093DF90 /* JsonLocalized */ = {
			isa = PBXGroup;
			children = (
				83C0B6B12BEDB8D700AACB56 /* LocalizedString.strings */,
				83C0B6A42BEDB47E00AACB56 /* JsonLocalizedManager.swift */,
				83C0B6A62BEDB49300AACB56 /* JsonLocalized.swift */,
			);
			path = JsonLocalized;
			sourceTree = "<group>";
		};
		83F1BA472BF7146B00A20967 /* NewUIDownloadTopic */ = {
			isa = PBXGroup;
			children = (
				83A4D8552BF74AB20056E123 /* ViewModel */,
				83A4D8542BF74AAC0056E123 /* Model */,
				83F1BA4B2BF714A900A20967 /* View */,
				83F1BA4A2BF7149E00A20967 /* Cell */,
			);
			path = NewUIDownloadTopic;
			sourceTree = "<group>";
		};
		83F1BA4A2BF7149E00A20967 /* Cell */ = {
			isa = PBXGroup;
			children = (
				83F1BA4C2BF715EA00A20967 /* AppDetailCell.swift */,
			);
			path = Cell;
			sourceTree = "<group>";
		};
		83F1BA4B2BF714A900A20967 /* View */ = {
			isa = PBXGroup;
			children = (
				83F1BA482BF7149A00A20967 /* AppDetailVC.swift */,
				83A4D8502BF741B50056E123 /* PDFViewer.swift */,
				83A4D8522BF742280056E123 /* ViewRepresentable.swift */,
			);
			path = View;
			sourceTree = "<group>";
		};
		83F1BA532BF72EB200A20967 /* PDF */ = {
			isa = PBXGroup;
			children = (
				83A4D84F2BF73C8F0056E123 /* 02.자기소개하기.pptx */,
				83F1BA542BF72EBF00A20967 /* 31st TOPIK Papers Intermediate.pdf */,
				83F1BA562BF72EC000A20967 /* 32nd-TOPIK-Papers-Intermediate.pdf */,
				83F1BA552BF72EC000A20967 /* 33rd-TOPIK-Papers-Intermediate.pdf */,
			);
			path = PDF;
			sourceTree = "<group>";
		};
		FD35253E2BFC5AB3001AE903 /* Extension */ = {
			isa = PBXGroup;
			children = (
				FD35253F2BFC5B22001AE903 /* CameraView.swift */,
			);
			path = Extension;
			sourceTree = "<group>";
		};
		FD6701542BFAEE90000C43A7 /* ModifiedView */ = {
			isa = PBXGroup;
			children = (
				FD6701552BFAEF1B000C43A7 /* ModifiedView.swift */,
			);
			path = ModifiedView;
			sourceTree = "<group>";
		};
/* End PBXGroup section */

/* Begin PBXNativeTarget section */
		834B701F2BE0C4A2006FB95C /* KOSIGNStore */ = {
			isa = PBXNativeTarget;
			buildConfigurationList = 834B702E2BE0C4A5006FB95C /* Build configuration list for PBXNativeTarget "KOSIGNStore" */;
			buildPhases = (
				834B701C2BE0C4A2006FB95C /* Sources */,
				834B701D2BE0C4A2006FB95C /* Frameworks */,
				834B701E2BE0C4A2006FB95C /* Resources */,
			);
			buildRules = (
			);
			dependencies = (
			);
			name = KOSIGNStore;
			packageProductDependencies = (
				83C195C02BE9D4EB00E9E5A3 /* SDWebImageSwiftUI */,
				83D33D412BEB12D00014F8AB /* FittedSheetsSwiftUI */,
				83F1BA4F2BF72E2500A20967 /* PDFViewer */,
				83ADC8732BFB50E900825288 /* GoogleSignIn */,
				8351CC5B2BFC3A6900C1C93B /* FirebaseAppDistribution-Beta */,
				8351CC5D2BFC3A6900C1C93B /* FirebaseAuth */,
				8351CC5F2BFC3A6900C1C93B /* FirebaseAuthCombine-Community */,
				8351CC612BFC3A6900C1C93B /* FirebaseCrashlytics */,
				8351CC632BFC3A6900C1C93B /* FirebaseDatabase */,
				8351CC652BFC3A6900C1C93B /* FirebaseDatabaseSwift */,
				8351CC672BFC3A6900C1C93B /* FirebaseDynamicLinks */,
				8351CC692BFC3A6900C1C93B /* FirebaseFirestore */,
				8351CC6B2BFC3A6900C1C93B /* FirebaseFirestoreCombine-Community */,
				8351CC6D2BFC3A6900C1C93B /* FirebaseFirestoreSwift */,
				8351CC6F2BFC3A6900C1C93B /* FirebaseFunctions */,
				8351CC712BFC3A6900C1C93B /* FirebaseFunctionsCombine-Community */,
				8351CC732BFC3A6900C1C93B /* FirebaseInAppMessaging-Beta */,
				8351CC752BFC3A6900C1C93B /* FirebaseInAppMessagingSwift-Beta */,
				8351CC772BFC3A6900C1C93B /* FirebaseInstallations */,
				8351CC792BFC3A6900C1C93B /* FirebaseMLModelDownloader */,
				8351CC7B2BFC3A6900C1C93B /* FirebaseMessaging */,
				8351CC7D2BFC3A6900C1C93B /* FirebasePerformance */,
				8351CC7F2BFC3A6900C1C93B /* FirebaseRemoteConfig */,
				8351CC812BFC3A6900C1C93B /* FirebaseRemoteConfigSwift */,
				8351CC832BFC3A6900C1C93B /* FirebaseStorage */,
				8351CC852BFC3A6900C1C93B /* FirebaseStorageCombine-Community */,
				8351CC872BFC3A6900C1C93B /* FirebaseVertexAI-Preview */,
			);
			productName = "KOSIGNSTORE _iOS";
			productReference = 834B70202BE0C4A2006FB95C /* KOSIGNStore.app */;
			productType = "com.apple.product-type.application";
		};
/* End PBXNativeTarget section */

/* Begin PBXProject section */
		834B70182BE0C4A2006FB95C /* Project object */ = {
			isa = PBXProject;
			attributes = {
				BuildIndependentTargetsInParallel = YES;
				LastSwiftUpdateCheck = 1520;
				LastUpgradeCheck = 1520;
				TargetAttributes = {
					834B701F2BE0C4A2006FB95C = {
						CreatedOnToolsVersion = 15.2;
					};
				};
			};
			buildConfigurationList = 834B701B2BE0C4A2006FB95C /* Build configuration list for PBXProject "KOSIGNStore" */;
			compatibilityVersion = "Xcode 14.0";
			developmentRegion = en;
			hasScannedForEncodings = 0;
			knownRegions = (
				en,
				Base,
				ko,
			);
			mainGroup = 834B70172BE0C4A2006FB95C;
			packageReferences = (
				83C195BF2BE9D4EB00E9E5A3 /* XCRemoteSwiftPackageReference "SDWebImageSwiftUI" */,
				83D33D402BEB12D00014F8AB /* XCRemoteSwiftPackageReference "FittedSheets-SwiftUI" */,
				83F1BA4E2BF72E2500A20967 /* XCRemoteSwiftPackageReference "PDFViewer" */,
				83ADC8722BFB50E900825288 /* XCRemoteSwiftPackageReference "GoogleSignIn-iOS" */,
				8351CC5A2BFC3A6900C1C93B /* XCRemoteSwiftPackageReference "firebase-ios-sdk" */,
			);
			productRefGroup = 834B70212BE0C4A2006FB95C /* Products */;
			projectDirPath = "";
			projectRoot = "";
			targets = (
				834B701F2BE0C4A2006FB95C /* KOSIGNStore */,
			);
		};
/* End PBXProject section */

/* Begin PBXResourcesBuildPhase section */
		834B701E2BE0C4A2006FB95C /* Resources */ = {
			isa = PBXResourcesBuildPhase;
			buildActionMask = 2147483647;
			files = (
				834B706D2BE0E914006FB95C /* Rubik-VariableFont_wght.ttf in Resources */,
				834B70702BE0E914006FB95C /* Rubik-Bold.ttf in Resources */,
				834B706E2BE0E914006FB95C /* Rubik-Italic-VariableFont_wght.ttf in Resources */,
				834B70752BE0E914006FB95C /* Rubik-Black.ttf in Resources */,
				834B706F2BE0E914006FB95C /* Rubik-MediumItalic.ttf in Resources */,
				834B70792BE0E914006FB95C /* Rubik-BlackItalic.ttf in Resources */,
				83F1BA592BF72EC000A20967 /* 32nd-TOPIK-Papers-Intermediate.pdf in Resources */,
				834B702B2BE0C4A5006FB95C /* Preview Assets.xcassets in Resources */,
				834B707C2BE0E914006FB95C /* Rubik-BoldItalic.ttf in Resources */,
				834B70802BE0ED5C006FB95C /* KOSIGNSTORE--iOS-Info.plist in Resources */,
				834B70722BE0E914006FB95C /* Rubik-Light.ttf in Resources */,
				834B707D2BE0E914006FB95C /* OFL.txt in Resources */,
				834B70772BE0E914006FB95C /* Rubik-LightItalic.ttf in Resources */,
				8351CC8E2BFC4A0F00C1C93B /* GoogleService-Info.plist in Resources */,
				834B70732BE0E914006FB95C /* Rubik-Medium.ttf in Resources */,
				834B70762BE0E914006FB95C /* Rubik-Italic.ttf in Resources */,
				834B70282BE0C4A5006FB95C /* Assets.xcassets in Resources */,
				83F1BA572BF72EC000A20967 /* 31st TOPIK Papers Intermediate.pdf in Resources */,
				834B707E2BE0E914006FB95C /* README.txt in Resources */,
				834B70742BE0E914006FB95C /* Rubik-ExtraBoldItalic.ttf in Resources */,
				83F1BA582BF72EC000A20967 /* 33rd-TOPIK-Papers-Intermediate.pdf in Resources */,
				83C0B6B02BEDB8D700AACB56 /* LocalizedString.strings in Resources */,
				834B707B2BE0E914006FB95C /* Rubik-Regular.ttf in Resources */,
				834B70712BE0E914006FB95C /* Rubik-SemiBoldItalic.ttf in Resources */,
				834B707A2BE0E914006FB95C /* Rubik-ExtraBold.ttf in Resources */,
				834B70782BE0E914006FB95C /* Rubik-SemiBold.ttf in Resources */,
			);
			runOnlyForDeploymentPostprocessing = 0;
		};
/* End PBXResourcesBuildPhase section */

/* Begin PBXSourcesBuildPhase section */
		834B701C2BE0C4A2006FB95C /* Sources */ = {
			isa = PBXSourcesBuildPhase;
			buildActionMask = 2147483647;
			files = (
				8351CC8C2BFC3BA400C1C93B /* FirebAuth.swift in Sources */,
				834B70822BE0ED89006FB95C /* Fonts.swift in Sources */,
				834875FB2BE335B2008A50CB /* HomeCell.swift in Sources */,
				834875E12BE32996008A50CB /* ActivityIndicatorLoading.swift in Sources */,
				834876112BE38C82008A50CB /* ProfileDetailViewVC.swift in Sources */,
				83283F782BF5F71A00318479 /* NavigationView.swift in Sources */,
				83C195C42BEA1E8000E9E5A3 /* AppDelegate.swift in Sources */,
				83C0B6A72BEDB49300AACB56 /* JsonLocalized.swift in Sources */,
				834875F32BE33384008A50CB /* HomeModel.swift in Sources */,
				8351CC962BFC824700C1C93B /* UploadHistoryCell.swift in Sources */,
				83F1BA492BF7149A00A20967 /* AppDetailVC.swift in Sources */,
				FD6701562BFAEF1B000C43A7 /* ModifiedView.swift in Sources */,
				83283F7B2BF60FA300318479 /* LoginPopView.swift in Sources */,
				834B70572BE0E6D6006FB95C /* LaunchScreen.swift in Sources */,
				834B703F2BE0DA89006FB95C /* Shared.swift in Sources */,
				834B70522BE0E05D006FB95C /* String.swift in Sources */,
				839E3F002BE4BDD200455220 /* MG.swift in Sources */,
				834B703B2BE0D80D006FB95C /* Encodable.swift in Sources */,
				834876022BE33C0D008A50CB /* StatusView.swift in Sources */,
				834875FF2BE33B2C008A50CB /* LessDetailHomeCell.swift in Sources */,
				834876082BE341E8008A50CB /* FooterHomeCell.swift in Sources */,
				834876052BE33E90008A50CB /* NotFoundCell.swift in Sources */,
				834876132BE38C92008A50CB /* ProfileUserVM.swift in Sources */,
				83ED51D82BECD7380093DF90 /* DateFormatter.swift in Sources */,
				83283F762BF5EC7000318479 /* RegisterProfile.swift in Sources */,
				834B70432BE0DC65006FB95C /* NetworkManager.swift in Sources */,
				834876182BE38DC9008A50CB /* ProfileMoreDetailCell.swift in Sources */,
				834876152BE38C9F008A50CB /* ProfileModel.swift in Sources */,
				83BA97302BEB5F3C0044FA01 /* NotificationCenter.swift in Sources */,
				834875EF2BE33314008A50CB /* LoginModel.swift in Sources */,
				83F1BA5B2BF7385C00A20967 /* DownloadManager.swift in Sources */,
				834B70412BE0DA9C006FB95C /* MyJson.swift in Sources */,
				839E3F042BE4C01400455220 /* AccountCell.swift in Sources */,
				83A4D8572BF74BDD0056E123 /* AppDetailModel.swift in Sources */,
				83C0B6AF2BEDB86000AACB56 /* Share.swift in Sources */,
				8348760F2BE34E9D008A50CB /* AppVersionDetailViewCell.swift in Sources */,
				839E3EFC2BE47F7200455220 /* View.swift in Sources */,
				834875F82BE33516008A50CB /* HomeDetailVC.swift in Sources */,
				834B70502BE0E02F006FB95C /* Model.swift in Sources */,
				834B704E2BE0DFF2006FB95C /* Content.swift in Sources */,
				83A4D8532BF742280056E123 /* ViewRepresentable.swift in Sources */,
				8348760B2BE343BB008A50CB /* ReuseStatusUpdateView.swift in Sources */,
				834875EB2BE33281008A50CB /* LoginScreen.swift in Sources */,
				83C195C62BEA1F1700E9E5A3 /* SceneDelegate.swift in Sources */,
				834B703D2BE0DA7C006FB95C /* Log.swift in Sources */,
				83A4D8512BF741B50056E123 /* PDFViewer.swift in Sources */,
				8351CC932BFC823400C1C93B /* UploadHistoryVC.swift in Sources */,
				839E3F082BE4DE5B00455220 /* AccountViewVC.swift in Sources */,
				FD3525402BFC5B22001AE903 /* CameraView.swift in Sources */,
				8351CC902BFC76E200C1C93B /* HomePrivateCell.swift in Sources */,
				83A4D8592BF74BF40056E123 /* AppDetailVM.swift in Sources */,
				834B70542BE0E58E006FB95C /* HomeVC.swift in Sources */,
				83C0B6A52BEDB47E00AACB56 /* JsonLocalizedManager.swift in Sources */,
				83283F732BF5E4B300318479 /* SUImagePickerView.swift in Sources */,
				834B70242BE0C4A2006FB95C /* KOSIGNSTORE_iOSApp.swift in Sources */,
				83C0B6AD2BEDB7E900AACB56 /* My.swift in Sources */,
				839E3EFE2BE4BDAA00455220 /* AnyCodableValue.swift in Sources */,
				83F1BA4D2BF715EA00A20967 /* AppDetailCell.swift in Sources */,
				834B704C2BE0DF80006FB95C /* Data.swift in Sources */,
				839E3F022BE4BE0800455220 /* MgVM.swift in Sources */,
				839E3F062BE4D7BA00455220 /* AboutCompanyCV.swift in Sources */,
				8348761A2BE38DE3008A50CB /* ProfileListCell.swift in Sources */,
				839E3F0A2BE4E59500455220 /* ProfileUpdateUser.swift in Sources */,
				834875F52BE3338D008A50CB /* HomeVM.swift in Sources */,
				834875F12BE33326008A50CB /* LoginVM.swift in Sources */,
			);
			runOnlyForDeploymentPostprocessing = 0;
		};
/* End PBXSourcesBuildPhase section */

/* Begin XCBuildConfiguration section */
		834B702C2BE0C4A5006FB95C /* Debug */ = {
			isa = XCBuildConfiguration;
			buildSettings = {
				ALWAYS_SEARCH_USER_PATHS = NO;
				ASSETCATALOG_COMPILER_GENERATE_SWIFT_ASSET_SYMBOL_EXTENSIONS = YES;
				CLANG_ANALYZER_NONNULL = YES;
				CLANG_ANALYZER_NUMBER_OBJECT_CONVERSION = YES_AGGRESSIVE;
				CLANG_CXX_LANGUAGE_STANDARD = "gnu++20";
				CLANG_ENABLE_MODULES = YES;
				CLANG_ENABLE_OBJC_ARC = YES;
				CLANG_ENABLE_OBJC_WEAK = YES;
				CLANG_WARN_BLOCK_CAPTURE_AUTORELEASING = YES;
				CLANG_WARN_BOOL_CONVERSION = YES;
				CLANG_WARN_COMMA = YES;
				CLANG_WARN_CONSTANT_CONVERSION = YES;
				CLANG_WARN_DEPRECATED_OBJC_IMPLEMENTATIONS = YES;
				CLANG_WARN_DIRECT_OBJC_ISA_USAGE = YES_ERROR;
				CLANG_WARN_DOCUMENTATION_COMMENTS = YES;
				CLANG_WARN_EMPTY_BODY = YES;
				CLANG_WARN_ENUM_CONVERSION = YES;
				CLANG_WARN_INFINITE_RECURSION = YES;
				CLANG_WARN_INT_CONVERSION = YES;
				CLANG_WARN_NON_LITERAL_NULL_CONVERSION = YES;
				CLANG_WARN_OBJC_IMPLICIT_RETAIN_SELF = YES;
				CLANG_WARN_OBJC_LITERAL_CONVERSION = YES;
				CLANG_WARN_OBJC_ROOT_CLASS = YES_ERROR;
				CLANG_WARN_QUOTED_INCLUDE_IN_FRAMEWORK_HEADER = YES;
				CLANG_WARN_RANGE_LOOP_ANALYSIS = YES;
				CLANG_WARN_STRICT_PROTOTYPES = YES;
				CLANG_WARN_SUSPICIOUS_MOVE = YES;
				CLANG_WARN_UNGUARDED_AVAILABILITY = YES_AGGRESSIVE;
				CLANG_WARN_UNREACHABLE_CODE = YES;
				CLANG_WARN__DUPLICATE_METHOD_MATCH = YES;
				COPY_PHASE_STRIP = NO;
				DEBUG_INFORMATION_FORMAT = dwarf;
				ENABLE_STRICT_OBJC_MSGSEND = YES;
				ENABLE_TESTABILITY = YES;
				ENABLE_USER_SCRIPT_SANDBOXING = YES;
				GCC_C_LANGUAGE_STANDARD = gnu17;
				GCC_DYNAMIC_NO_PIC = NO;
				GCC_NO_COMMON_BLOCKS = YES;
				GCC_OPTIMIZATION_LEVEL = 0;
				GCC_PREPROCESSOR_DEFINITIONS = (
					"DEBUG=1",
					"$(inherited)",
				);
				GCC_WARN_64_TO_32_BIT_CONVERSION = YES;
				GCC_WARN_ABOUT_RETURN_TYPE = YES_ERROR;
				GCC_WARN_UNDECLARED_SELECTOR = YES;
				GCC_WARN_UNINITIALIZED_AUTOS = YES_AGGRESSIVE;
				GCC_WARN_UNUSED_FUNCTION = YES;
				GCC_WARN_UNUSED_VARIABLE = YES;
				LOCALIZATION_PREFERS_STRING_CATALOGS = YES;
				MTL_ENABLE_DEBUG_INFO = INCLUDE_SOURCE;
				MTL_FAST_MATH = YES;
				ONLY_ACTIVE_ARCH = YES;
				SDKROOT = iphoneos;
				SWIFT_ACTIVE_COMPILATION_CONDITIONS = "DEBUG $(inherited)";
				SWIFT_OPTIMIZATION_LEVEL = "-Onone";
			};
			name = Debug;
		};
		834B702D2BE0C4A5006FB95C /* Release */ = {
			isa = XCBuildConfiguration;
			buildSettings = {
				ALWAYS_SEARCH_USER_PATHS = NO;
				ASSETCATALOG_COMPILER_GENERATE_SWIFT_ASSET_SYMBOL_EXTENSIONS = YES;
				CLANG_ANALYZER_NONNULL = YES;
				CLANG_ANALYZER_NUMBER_OBJECT_CONVERSION = YES_AGGRESSIVE;
				CLANG_CXX_LANGUAGE_STANDARD = "gnu++20";
				CLANG_ENABLE_MODULES = YES;
				CLANG_ENABLE_OBJC_ARC = YES;
				CLANG_ENABLE_OBJC_WEAK = YES;
				CLANG_WARN_BLOCK_CAPTURE_AUTORELEASING = YES;
				CLANG_WARN_BOOL_CONVERSION = YES;
				CLANG_WARN_COMMA = YES;
				CLANG_WARN_CONSTANT_CONVERSION = YES;
				CLANG_WARN_DEPRECATED_OBJC_IMPLEMENTATIONS = YES;
				CLANG_WARN_DIRECT_OBJC_ISA_USAGE = YES_ERROR;
				CLANG_WARN_DOCUMENTATION_COMMENTS = YES;
				CLANG_WARN_EMPTY_BODY = YES;
				CLANG_WARN_ENUM_CONVERSION = YES;
				CLANG_WARN_INFINITE_RECURSION = YES;
				CLANG_WARN_INT_CONVERSION = YES;
				CLANG_WARN_NON_LITERAL_NULL_CONVERSION = YES;
				CLANG_WARN_OBJC_IMPLICIT_RETAIN_SELF = YES;
				CLANG_WARN_OBJC_LITERAL_CONVERSION = YES;
				CLANG_WARN_OBJC_ROOT_CLASS = YES_ERROR;
				CLANG_WARN_QUOTED_INCLUDE_IN_FRAMEWORK_HEADER = YES;
				CLANG_WARN_RANGE_LOOP_ANALYSIS = YES;
				CLANG_WARN_STRICT_PROTOTYPES = YES;
				CLANG_WARN_SUSPICIOUS_MOVE = YES;
				CLANG_WARN_UNGUARDED_AVAILABILITY = YES_AGGRESSIVE;
				CLANG_WARN_UNREACHABLE_CODE = YES;
				CLANG_WARN__DUPLICATE_METHOD_MATCH = YES;
				COPY_PHASE_STRIP = NO;
				DEBUG_INFORMATION_FORMAT = "dwarf-with-dsym";
				ENABLE_NS_ASSERTIONS = NO;
				ENABLE_STRICT_OBJC_MSGSEND = YES;
				ENABLE_USER_SCRIPT_SANDBOXING = YES;
				GCC_C_LANGUAGE_STANDARD = gnu17;
				GCC_NO_COMMON_BLOCKS = YES;
				GCC_WARN_64_TO_32_BIT_CONVERSION = YES;
				GCC_WARN_ABOUT_RETURN_TYPE = YES_ERROR;
				GCC_WARN_UNDECLARED_SELECTOR = YES;
				GCC_WARN_UNINITIALIZED_AUTOS = YES_AGGRESSIVE;
				GCC_WARN_UNUSED_FUNCTION = YES;
				GCC_WARN_UNUSED_VARIABLE = YES;
				LOCALIZATION_PREFERS_STRING_CATALOGS = YES;
				MTL_ENABLE_DEBUG_INFO = NO;
				MTL_FAST_MATH = YES;
				SDKROOT = iphoneos;
				SWIFT_COMPILATION_MODE = wholemodule;
				VALIDATE_PRODUCT = YES;
			};
			name = Release;
		};
		834B702F2BE0C4A5006FB95C /* Debug */ = {
			isa = XCBuildConfiguration;
			buildSettings = {
				ASSETCATALOG_COMPILER_APPICON_NAME = AppIcon;
				ASSETCATALOG_COMPILER_GLOBAL_ACCENT_COLOR_NAME = AccentColor;
				CODE_SIGN_STYLE = Automatic;
				CURRENT_PROJECT_VERSION = 1;
				DEVELOPMENT_ASSET_PATHS = "\"KOSIGNSTORE _iOS/Preview Content\"";
				DEVELOPMENT_TEAM = 8J7X8FNBGH;
				ENABLE_PREVIEWS = YES;
				GENERATE_INFOPLIST_FILE = YES;
				INFOPLIST_FILE = "KOSIGNSTORE--iOS-Info.plist";
				INFOPLIST_KEY_CFBundleDisplayName = KOSIGNStore;
				INFOPLIST_KEY_NSPhotoLibraryUsageDescription = "Allow to save !!";
				INFOPLIST_KEY_UIApplicationSceneManifest_Generation = YES;
				INFOPLIST_KEY_UIApplicationSupportsIndirectInputEvents = YES;
				INFOPLIST_KEY_UILaunchScreen_Generation = YES;
				INFOPLIST_KEY_UILaunchStoryboardName = LaunchScreen;
				INFOPLIST_KEY_UISupportedInterfaceOrientations_iPad = "UIInterfaceOrientationPortrait UIInterfaceOrientationPortraitUpsideDown UIInterfaceOrientationLandscapeLeft UIInterfaceOrientationLandscapeRight";
				INFOPLIST_KEY_UISupportedInterfaceOrientations_iPhone = "UIInterfaceOrientationPortrait UIInterfaceOrientationLandscapeLeft UIInterfaceOrientationLandscapeRight";
				IPHONEOS_DEPLOYMENT_TARGET = 16.0;
				LD_RUNPATH_SEARCH_PATHS = (
					"$(inherited)",
					"@executable_path/Frameworks",
				);
				MARKETING_VERSION = 1.0;
				PRODUCT_BUNDLE_IDENTIFIER = com.kosign.kosignstore.mobile;
				PRODUCT_NAME = "$(TARGET_NAME)";
				SWIFT_EMIT_LOC_STRINGS = YES;
				SWIFT_VERSION = 5.0;
				TARGETED_DEVICE_FAMILY = "1,2";
			};
			name = Debug;
		};
		834B70302BE0C4A5006FB95C /* Release */ = {
			isa = XCBuildConfiguration;
			buildSettings = {
				ASSETCATALOG_COMPILER_APPICON_NAME = AppIcon;
				ASSETCATALOG_COMPILER_GLOBAL_ACCENT_COLOR_NAME = AccentColor;
				CODE_SIGN_STYLE = Automatic;
				CURRENT_PROJECT_VERSION = 1;
				DEVELOPMENT_ASSET_PATHS = "\"KOSIGNSTORE _iOS/Preview Content\"";
				DEVELOPMENT_TEAM = 8J7X8FNBGH;
				ENABLE_PREVIEWS = YES;
				GENERATE_INFOPLIST_FILE = YES;
				INFOPLIST_FILE = "KOSIGNSTORE--iOS-Info.plist";
				INFOPLIST_KEY_CFBundleDisplayName = KOSIGNStore;
				INFOPLIST_KEY_NSPhotoLibraryUsageDescription = "Allow to save !!";
				INFOPLIST_KEY_UIApplicationSceneManifest_Generation = YES;
				INFOPLIST_KEY_UIApplicationSupportsIndirectInputEvents = YES;
				INFOPLIST_KEY_UILaunchScreen_Generation = YES;
				INFOPLIST_KEY_UILaunchStoryboardName = LaunchScreen;
				INFOPLIST_KEY_UISupportedInterfaceOrientations_iPad = "UIInterfaceOrientationPortrait UIInterfaceOrientationPortraitUpsideDown UIInterfaceOrientationLandscapeLeft UIInterfaceOrientationLandscapeRight";
				INFOPLIST_KEY_UISupportedInterfaceOrientations_iPhone = "UIInterfaceOrientationPortrait UIInterfaceOrientationLandscapeLeft UIInterfaceOrientationLandscapeRight";
				IPHONEOS_DEPLOYMENT_TARGET = 16.0;
				LD_RUNPATH_SEARCH_PATHS = (
					"$(inherited)",
					"@executable_path/Frameworks",
				);
				MARKETING_VERSION = 1.0;
				PRODUCT_BUNDLE_IDENTIFIER = com.kosign.kosignstore.mobile;
				PRODUCT_NAME = "$(TARGET_NAME)";
				SWIFT_EMIT_LOC_STRINGS = YES;
				SWIFT_VERSION = 5.0;
				TARGETED_DEVICE_FAMILY = "1,2";
			};
			name = Release;
		};
/* End XCBuildConfiguration section */

/* Begin XCConfigurationList section */
		834B701B2BE0C4A2006FB95C /* Build configuration list for PBXProject "KOSIGNStore" */ = {
			isa = XCConfigurationList;
			buildConfigurations = (
				834B702C2BE0C4A5006FB95C /* Debug */,
				834B702D2BE0C4A5006FB95C /* Release */,
			);
			defaultConfigurationIsVisible = 0;
			defaultConfigurationName = Release;
		};
		834B702E2BE0C4A5006FB95C /* Build configuration list for PBXNativeTarget "KOSIGNStore" */ = {
			isa = XCConfigurationList;
			buildConfigurations = (
				834B702F2BE0C4A5006FB95C /* Debug */,
				834B70302BE0C4A5006FB95C /* Release */,
			);
			defaultConfigurationIsVisible = 0;
			defaultConfigurationName = Release;
		};
/* End XCConfigurationList section */

/* Begin XCRemoteSwiftPackageReference section */
		8351CC5A2BFC3A6900C1C93B /* XCRemoteSwiftPackageReference "firebase-ios-sdk" */ = {
			isa = XCRemoteSwiftPackageReference;
			repositoryURL = "https://github.com/firebase/firebase-ios-sdk.git";
			requirement = {
				kind = upToNextMajorVersion;
				minimumVersion = 10.26.0;
			};
		};
		83ADC8722BFB50E900825288 /* XCRemoteSwiftPackageReference "GoogleSignIn-iOS" */ = {
			isa = XCRemoteSwiftPackageReference;
			repositoryURL = "https://github.com/google/GoogleSignIn-iOS";
			requirement = {
				kind = upToNextMajorVersion;
				minimumVersion = 7.1.0;
			};
		};
		83C195BF2BE9D4EB00E9E5A3 /* XCRemoteSwiftPackageReference "SDWebImageSwiftUI" */ = {
			isa = XCRemoteSwiftPackageReference;
			repositoryURL = "https://github.com/SDWebImage/SDWebImageSwiftUI.git";
			requirement = {
				kind = upToNextMajorVersion;
				minimumVersion = 3.0.4;
			};
		};
		83D33D402BEB12D00014F8AB /* XCRemoteSwiftPackageReference "FittedSheets-SwiftUI" */ = {
			isa = XCRemoteSwiftPackageReference;
			repositoryURL = "https://github.com/Jeonhui/FittedSheets-SwiftUI.git";
			requirement = {
				kind = upToNextMajorVersion;
				minimumVersion = 1.1.1;
			};
		};
		83F1BA4E2BF72E2500A20967 /* XCRemoteSwiftPackageReference "PDFViewer" */ = {
			isa = XCRemoteSwiftPackageReference;
			repositoryURL = "https://github.com/rajubd49/PDFViewer.git";
			requirement = {
				kind = upToNextMajorVersion;
				minimumVersion = 1.0.2;
			};
		};
/* End XCRemoteSwiftPackageReference section */

/* Begin XCSwiftPackageProductDependency section */
		8351CC5B2BFC3A6900C1C93B /* FirebaseAppDistribution-Beta */ = {
			isa = XCSwiftPackageProductDependency;
			package = 8351CC5A2BFC3A6900C1C93B /* XCRemoteSwiftPackageReference "firebase-ios-sdk" */;
			productName = "FirebaseAppDistribution-Beta";
		};
		8351CC5D2BFC3A6900C1C93B /* FirebaseAuth */ = {
			isa = XCSwiftPackageProductDependency;
			package = 8351CC5A2BFC3A6900C1C93B /* XCRemoteSwiftPackageReference "firebase-ios-sdk" */;
			productName = FirebaseAuth;
		};
		8351CC5F2BFC3A6900C1C93B /* FirebaseAuthCombine-Community */ = {
			isa = XCSwiftPackageProductDependency;
			package = 8351CC5A2BFC3A6900C1C93B /* XCRemoteSwiftPackageReference "firebase-ios-sdk" */;
			productName = "FirebaseAuthCombine-Community";
		};
		8351CC612BFC3A6900C1C93B /* FirebaseCrashlytics */ = {
			isa = XCSwiftPackageProductDependency;
			package = 8351CC5A2BFC3A6900C1C93B /* XCRemoteSwiftPackageReference "firebase-ios-sdk" */;
			productName = FirebaseCrashlytics;
		};
		8351CC632BFC3A6900C1C93B /* FirebaseDatabase */ = {
			isa = XCSwiftPackageProductDependency;
			package = 8351CC5A2BFC3A6900C1C93B /* XCRemoteSwiftPackageReference "firebase-ios-sdk" */;
			productName = FirebaseDatabase;
		};
		8351CC652BFC3A6900C1C93B /* FirebaseDatabaseSwift */ = {
			isa = XCSwiftPackageProductDependency;
			package = 8351CC5A2BFC3A6900C1C93B /* XCRemoteSwiftPackageReference "firebase-ios-sdk" */;
			productName = FirebaseDatabaseSwift;
		};
		8351CC672BFC3A6900C1C93B /* FirebaseDynamicLinks */ = {
			isa = XCSwiftPackageProductDependency;
			package = 8351CC5A2BFC3A6900C1C93B /* XCRemoteSwiftPackageReference "firebase-ios-sdk" */;
			productName = FirebaseDynamicLinks;
		};
		8351CC692BFC3A6900C1C93B /* FirebaseFirestore */ = {
			isa = XCSwiftPackageProductDependency;
			package = 8351CC5A2BFC3A6900C1C93B /* XCRemoteSwiftPackageReference "firebase-ios-sdk" */;
			productName = FirebaseFirestore;
		};
		8351CC6B2BFC3A6900C1C93B /* FirebaseFirestoreCombine-Community */ = {
			isa = XCSwiftPackageProductDependency;
			package = 8351CC5A2BFC3A6900C1C93B /* XCRemoteSwiftPackageReference "firebase-ios-sdk" */;
			productName = "FirebaseFirestoreCombine-Community";
		};
		8351CC6D2BFC3A6900C1C93B /* FirebaseFirestoreSwift */ = {
			isa = XCSwiftPackageProductDependency;
			package = 8351CC5A2BFC3A6900C1C93B /* XCRemoteSwiftPackageReference "firebase-ios-sdk" */;
			productName = FirebaseFirestoreSwift;
		};
		8351CC6F2BFC3A6900C1C93B /* FirebaseFunctions */ = {
			isa = XCSwiftPackageProductDependency;
			package = 8351CC5A2BFC3A6900C1C93B /* XCRemoteSwiftPackageReference "firebase-ios-sdk" */;
			productName = FirebaseFunctions;
		};
		8351CC712BFC3A6900C1C93B /* FirebaseFunctionsCombine-Community */ = {
			isa = XCSwiftPackageProductDependency;
			package = 8351CC5A2BFC3A6900C1C93B /* XCRemoteSwiftPackageReference "firebase-ios-sdk" */;
			productName = "FirebaseFunctionsCombine-Community";
		};
		8351CC732BFC3A6900C1C93B /* FirebaseInAppMessaging-Beta */ = {
			isa = XCSwiftPackageProductDependency;
			package = 8351CC5A2BFC3A6900C1C93B /* XCRemoteSwiftPackageReference "firebase-ios-sdk" */;
			productName = "FirebaseInAppMessaging-Beta";
		};
		8351CC752BFC3A6900C1C93B /* FirebaseInAppMessagingSwift-Beta */ = {
			isa = XCSwiftPackageProductDependency;
			package = 8351CC5A2BFC3A6900C1C93B /* XCRemoteSwiftPackageReference "firebase-ios-sdk" */;
			productName = "FirebaseInAppMessagingSwift-Beta";
		};
		8351CC772BFC3A6900C1C93B /* FirebaseInstallations */ = {
			isa = XCSwiftPackageProductDependency;
			package = 8351CC5A2BFC3A6900C1C93B /* XCRemoteSwiftPackageReference "firebase-ios-sdk" */;
			productName = FirebaseInstallations;
		};
		8351CC792BFC3A6900C1C93B /* FirebaseMLModelDownloader */ = {
			isa = XCSwiftPackageProductDependency;
			package = 8351CC5A2BFC3A6900C1C93B /* XCRemoteSwiftPackageReference "firebase-ios-sdk" */;
			productName = FirebaseMLModelDownloader;
		};
		8351CC7B2BFC3A6900C1C93B /* FirebaseMessaging */ = {
			isa = XCSwiftPackageProductDependency;
			package = 8351CC5A2BFC3A6900C1C93B /* XCRemoteSwiftPackageReference "firebase-ios-sdk" */;
			productName = FirebaseMessaging;
		};
		8351CC7D2BFC3A6900C1C93B /* FirebasePerformance */ = {
			isa = XCSwiftPackageProductDependency;
			package = 8351CC5A2BFC3A6900C1C93B /* XCRemoteSwiftPackageReference "firebase-ios-sdk" */;
			productName = FirebasePerformance;
		};
		8351CC7F2BFC3A6900C1C93B /* FirebaseRemoteConfig */ = {
			isa = XCSwiftPackageProductDependency;
			package = 8351CC5A2BFC3A6900C1C93B /* XCRemoteSwiftPackageReference "firebase-ios-sdk" */;
			productName = FirebaseRemoteConfig;
		};
		8351CC812BFC3A6900C1C93B /* FirebaseRemoteConfigSwift */ = {
			isa = XCSwiftPackageProductDependency;
			package = 8351CC5A2BFC3A6900C1C93B /* XCRemoteSwiftPackageReference "firebase-ios-sdk" */;
			productName = FirebaseRemoteConfigSwift;
		};
		8351CC832BFC3A6900C1C93B /* FirebaseStorage */ = {
			isa = XCSwiftPackageProductDependency;
			package = 8351CC5A2BFC3A6900C1C93B /* XCRemoteSwiftPackageReference "firebase-ios-sdk" */;
			productName = FirebaseStorage;
		};
		8351CC852BFC3A6900C1C93B /* FirebaseStorageCombine-Community */ = {
			isa = XCSwiftPackageProductDependency;
			package = 8351CC5A2BFC3A6900C1C93B /* XCRemoteSwiftPackageReference "firebase-ios-sdk" */;
			productName = "FirebaseStorageCombine-Community";
		};
		8351CC872BFC3A6900C1C93B /* FirebaseVertexAI-Preview */ = {
			isa = XCSwiftPackageProductDependency;
			package = 8351CC5A2BFC3A6900C1C93B /* XCRemoteSwiftPackageReference "firebase-ios-sdk" */;
			productName = "FirebaseVertexAI-Preview";
		};
		83ADC8732BFB50E900825288 /* GoogleSignIn */ = {
			isa = XCSwiftPackageProductDependency;
			package = 83ADC8722BFB50E900825288 /* XCRemoteSwiftPackageReference "GoogleSignIn-iOS" */;
			productName = GoogleSignIn;
		};
		83C195C02BE9D4EB00E9E5A3 /* SDWebImageSwiftUI */ = {
			isa = XCSwiftPackageProductDependency;
			package = 83C195BF2BE9D4EB00E9E5A3 /* XCRemoteSwiftPackageReference "SDWebImageSwiftUI" */;
			productName = SDWebImageSwiftUI;
		};
		83D33D412BEB12D00014F8AB /* FittedSheetsSwiftUI */ = {
			isa = XCSwiftPackageProductDependency;
			package = 83D33D402BEB12D00014F8AB /* XCRemoteSwiftPackageReference "FittedSheets-SwiftUI" */;
			productName = FittedSheetsSwiftUI;
		};
		83F1BA4F2BF72E2500A20967 /* PDFViewer */ = {
			isa = XCSwiftPackageProductDependency;
			package = 83F1BA4E2BF72E2500A20967 /* XCRemoteSwiftPackageReference "PDFViewer" */;
			productName = PDFViewer;
		};
/* End XCSwiftPackageProductDependency section */
	};
	rootObject = 834B70182BE0C4A2006FB95C /* Project object */;
}
