// !$*UTF8*$!
{
	archiveVersion = 1;
	classes = {
	};
	objectVersion = 56;
	objects = {

/* Begin PBXBuildFile section */
		834875E12BE32996008A50CB /* ActivityIndicatorLoading.swift in Sources */ = {isa = PBXBuildFile; fileRef = 834875E02BE32996008A50CB /* ActivityIndicatorLoading.swift */; };
		834875EB2BE33281008A50CB /* LoginScreen.swift in Sources */ = {isa = PBXBuildFile; fileRef = 834875EA2BE33281008A50CB /* LoginScreen.swift */; };
		834875EF2BE33314008A50CB /* LoginModel.swift in Sources */ = {isa = PBXBuildFile; fileRef = 834875EE2BE33314008A50CB /* LoginModel.swift */; };
		834875F12BE33326008A50CB /* LoginVM.swift in Sources */ = {isa = PBXBuildFile; fileRef = 834875F02BE33326008A50CB /* LoginVM.swift */; };
		834875F32BE33384008A50CB /* HomeModel.swift in Sources */ = {isa = PBXBuildFile; fileRef = 834875F22BE33384008A50CB /* HomeModel.swift */; };
		834875F52BE3338D008A50CB /* HomeVM.swift in Sources */ = {isa = PBXBuildFile; fileRef = 834875F42BE3338D008A50CB /* HomeVM.swift */; };
		834875F82BE33516008A50CB /* HomeDetailVC.swift in Sources */ = {isa = PBXBuildFile; fileRef = 834875F72BE33516008A50CB /* HomeDetailVC.swift */; };
		834875FB2BE335B2008A50CB /* HomeCell.swift in Sources */ = {isa = PBXBuildFile; fileRef = 834875FA2BE335B2008A50CB /* HomeCell.swift */; };
		834875FF2BE33B2C008A50CB /* LessDetailHomeCell.swift in Sources */ = {isa = PBXBuildFile; fileRef = 834875FE2BE33B2C008A50CB /* LessDetailHomeCell.swift */; };
		834876022BE33C0D008A50CB /* StatusView.swift in Sources */ = {isa = PBXBuildFile; fileRef = 834876012BE33C0D008A50CB /* StatusView.swift */; };
		834876052BE33E90008A50CB /* NotFoundCell.swift in Sources */ = {isa = PBXBuildFile; fileRef = 834876042BE33E90008A50CB /* NotFoundCell.swift */; };
		834876082BE341E8008A50CB /* FooterHomeCell.swift in Sources */ = {isa = PBXBuildFile; fileRef = 834876072BE341E8008A50CB /* FooterHomeCell.swift */; };
		8348760B2BE343BB008A50CB /* ReuseStatusUpdateView.swift in Sources */ = {isa = PBXBuildFile; fileRef = 8348760A2BE343BB008A50CB /* ReuseStatusUpdateView.swift */; };
		8348760F2BE34E9D008A50CB /* AppVersionDetailViewCell.swift in Sources */ = {isa = PBXBuildFile; fileRef = 8348760E2BE34E9D008A50CB /* AppVersionDetailViewCell.swift */; };
		834876112BE38C82008A50CB /* ProfileDetailViewVC.swift in Sources */ = {isa = PBXBuildFile; fileRef = 834876102BE38C82008A50CB /* ProfileDetailViewVC.swift */; };
		834876132BE38C92008A50CB /* ProfileUserVM.swift in Sources */ = {isa = PBXBuildFile; fileRef = 834876122BE38C92008A50CB /* ProfileUserVM.swift */; };
		834876152BE38C9F008A50CB /* ProfileModel.swift in Sources */ = {isa = PBXBuildFile; fileRef = 834876142BE38C9F008A50CB /* ProfileModel.swift */; };
		834876182BE38DC9008A50CB /* ProfileMoreDetailCell.swift in Sources */ = {isa = PBXBuildFile; fileRef = 834876172BE38DC9008A50CB /* ProfileMoreDetailCell.swift */; };
		8348761A2BE38DE3008A50CB /* ProfileListCell.swift in Sources */ = {isa = PBXBuildFile; fileRef = 834876192BE38DE3008A50CB /* ProfileListCell.swift */; };
		834B70242BE0C4A2006FB95C /* KOSIGNSTORE_iOSApp.swift in Sources */ = {isa = PBXBuildFile; fileRef = 834B70232BE0C4A2006FB95C /* KOSIGNSTORE_iOSApp.swift */; };
		834B70282BE0C4A5006FB95C /* Assets.xcassets in Resources */ = {isa = PBXBuildFile; fileRef = 834B70272BE0C4A5006FB95C /* Assets.xcassets */; };
		834B702B2BE0C4A5006FB95C /* Preview Assets.xcassets in Resources */ = {isa = PBXBuildFile; fileRef = 834B702A2BE0C4A5006FB95C /* Preview Assets.xcassets */; };
		834B703B2BE0D80D006FB95C /* Encodable.swift in Sources */ = {isa = PBXBuildFile; fileRef = 834B703A2BE0D80D006FB95C /* Encodable.swift */; };
		834B703D2BE0DA7C006FB95C /* Log.swift in Sources */ = {isa = PBXBuildFile; fileRef = 834B703C2BE0DA7C006FB95C /* Log.swift */; };
		834B703F2BE0DA89006FB95C /* Shared.swift in Sources */ = {isa = PBXBuildFile; fileRef = 834B703E2BE0DA89006FB95C /* Shared.swift */; };
		834B70412BE0DA9C006FB95C /* MyJson.swift in Sources */ = {isa = PBXBuildFile; fileRef = 834B70402BE0DA9C006FB95C /* MyJson.swift */; };
		834B70432BE0DC65006FB95C /* NetworkManager.swift in Sources */ = {isa = PBXBuildFile; fileRef = 834B70422BE0DC65006FB95C /* NetworkManager.swift */; };
		834B704C2BE0DF80006FB95C /* Data.swift in Sources */ = {isa = PBXBuildFile; fileRef = 834B704B2BE0DF80006FB95C /* Data.swift */; };
		834B704E2BE0DFF2006FB95C /* Content.swift in Sources */ = {isa = PBXBuildFile; fileRef = 834B704D2BE0DFF2006FB95C /* Content.swift */; };
		834B70502BE0E02F006FB95C /* Model.swift in Sources */ = {isa = PBXBuildFile; fileRef = 834B704F2BE0E02F006FB95C /* Model.swift */; };
		834B70522BE0E05D006FB95C /* String.swift in Sources */ = {isa = PBXBuildFile; fileRef = 834B70512BE0E05D006FB95C /* String.swift */; };
		834B70542BE0E58E006FB95C /* HomeVC.swift in Sources */ = {isa = PBXBuildFile; fileRef = 834B70532BE0E58E006FB95C /* HomeVC.swift */; };
		834B70572BE0E6D6006FB95C /* LaunchScreen.swift in Sources */ = {isa = PBXBuildFile; fileRef = 834B70562BE0E6D6006FB95C /* LaunchScreen.swift */; };
		834B706D2BE0E914006FB95C /* Rubik-VariableFont_wght.ttf in Resources */ = {isa = PBXBuildFile; fileRef = 834B705A2BE0E913006FB95C /* Rubik-VariableFont_wght.ttf */; };
		834B706E2BE0E914006FB95C /* Rubik-Italic-VariableFont_wght.ttf in Resources */ = {isa = PBXBuildFile; fileRef = 834B705B2BE0E913006FB95C /* Rubik-Italic-VariableFont_wght.ttf */; };
		834B706F2BE0E914006FB95C /* Rubik-MediumItalic.ttf in Resources */ = {isa = PBXBuildFile; fileRef = 834B705D2BE0E913006FB95C /* Rubik-MediumItalic.ttf */; };
		834B70702BE0E914006FB95C /* Rubik-Bold.ttf in Resources */ = {isa = PBXBuildFile; fileRef = 834B705E2BE0E914006FB95C /* Rubik-Bold.ttf */; };
		834B70712BE0E914006FB95C /* Rubik-SemiBoldItalic.ttf in Resources */ = {isa = PBXBuildFile; fileRef = 834B705F2BE0E914006FB95C /* Rubik-SemiBoldItalic.ttf */; };
		834B70722BE0E914006FB95C /* Rubik-Light.ttf in Resources */ = {isa = PBXBuildFile; fileRef = 834B70602BE0E914006FB95C /* Rubik-Light.ttf */; };
		834B70732BE0E914006FB95C /* Rubik-Medium.ttf in Resources */ = {isa = PBXBuildFile; fileRef = 834B70612BE0E914006FB95C /* Rubik-Medium.ttf */; };
		834B70742BE0E914006FB95C /* Rubik-ExtraBoldItalic.ttf in Resources */ = {isa = PBXBuildFile; fileRef = 834B70622BE0E914006FB95C /* Rubik-ExtraBoldItalic.ttf */; };
		834B70752BE0E914006FB95C /* Rubik-Black.ttf in Resources */ = {isa = PBXBuildFile; fileRef = 834B70632BE0E914006FB95C /* Rubik-Black.ttf */; };
		834B70762BE0E914006FB95C /* Rubik-Italic.ttf in Resources */ = {isa = PBXBuildFile; fileRef = 834B70642BE0E914006FB95C /* Rubik-Italic.ttf */; };
		834B70772BE0E914006FB95C /* Rubik-LightItalic.ttf in Resources */ = {isa = PBXBuildFile; fileRef = 834B70652BE0E914006FB95C /* Rubik-LightItalic.ttf */; };
		834B70782BE0E914006FB95C /* Rubik-SemiBold.ttf in Resources */ = {isa = PBXBuildFile; fileRef = 834B70662BE0E914006FB95C /* Rubik-SemiBold.ttf */; };
		834B70792BE0E914006FB95C /* Rubik-BlackItalic.ttf in Resources */ = {isa = PBXBuildFile; fileRef = 834B70672BE0E914006FB95C /* Rubik-BlackItalic.ttf */; };
		834B707A2BE0E914006FB95C /* Rubik-ExtraBold.ttf in Resources */ = {isa = PBXBuildFile; fileRef = 834B70682BE0E914006FB95C /* Rubik-ExtraBold.ttf */; };
		834B707B2BE0E914006FB95C /* Rubik-Regular.ttf in Resources */ = {isa = PBXBuildFile; fileRef = 834B70692BE0E914006FB95C /* Rubik-Regular.ttf */; };
		834B707C2BE0E914006FB95C /* Rubik-BoldItalic.ttf in Resources */ = {isa = PBXBuildFile; fileRef = 834B706A2BE0E914006FB95C /* Rubik-BoldItalic.ttf */; };
		834B707D2BE0E914006FB95C /* OFL.txt in Resources */ = {isa = PBXBuildFile; fileRef = 834B706B2BE0E914006FB95C /* OFL.txt */; };
		834B707E2BE0E914006FB95C /* README.txt in Resources */ = {isa = PBXBuildFile; fileRef = 834B706C2BE0E914006FB95C /* README.txt */; };
		834B70802BE0ED5C006FB95C /* KOSIGNSTORE--iOS-Info.plist in Resources */ = {isa = PBXBuildFile; fileRef = 834B707F2BE0EC58006FB95C /* KOSIGNSTORE--iOS-Info.plist */; };
		834B70822BE0ED89006FB95C /* Fonts.swift in Sources */ = {isa = PBXBuildFile; fileRef = 834B70812BE0ED89006FB95C /* Fonts.swift */; };
		839E3EFC2BE47F7200455220 /* View.swift in Sources */ = {isa = PBXBuildFile; fileRef = 839E3EFB2BE47F7200455220 /* View.swift */; };
		839E3EFE2BE4BDAA00455220 /* AnyCodableValue.swift in Sources */ = {isa = PBXBuildFile; fileRef = 839E3EFD2BE4BDAA00455220 /* AnyCodableValue.swift */; };
		839E3F002BE4BDD200455220 /* MG.swift in Sources */ = {isa = PBXBuildFile; fileRef = 839E3EFF2BE4BDD200455220 /* MG.swift */; };
		839E3F022BE4BE0800455220 /* MgVM.swift in Sources */ = {isa = PBXBuildFile; fileRef = 839E3F012BE4BE0800455220 /* MgVM.swift */; };
		839E3F042BE4C01400455220 /* AccountCell.swift in Sources */ = {isa = PBXBuildFile; fileRef = 839E3F032BE4C01400455220 /* AccountCell.swift */; };
		839E3F062BE4D7BA00455220 /* AboutCompanyCV.swift in Sources */ = {isa = PBXBuildFile; fileRef = 839E3F052BE4D7BA00455220 /* AboutCompanyCV.swift */; };
		839E3F082BE4DE5B00455220 /* AccountViewVC.swift in Sources */ = {isa = PBXBuildFile; fileRef = 839E3F072BE4DE5B00455220 /* AccountViewVC.swift */; };
		839E3F0A2BE4E59500455220 /* ProfileUpdateUser.swift in Sources */ = {isa = PBXBuildFile; fileRef = 839E3F092BE4E59500455220 /* ProfileUpdateUser.swift */; };
		83C195C12BE9D4EB00E9E5A3 /* SDWebImageSwiftUI in Frameworks */ = {isa = PBXBuildFile; productRef = 83C195C02BE9D4EB00E9E5A3 /* SDWebImageSwiftUI */; };
/* End PBXBuildFile section */

/* Begin PBXFileReference section */
		834875E02BE32996008A50CB /* ActivityIndicatorLoading.swift */ = {isa = PBXFileReference; lastKnownFileType = sourcecode.swift; path = ActivityIndicatorLoading.swift; sourceTree = "<group>"; };
		834875EA2BE33281008A50CB /* LoginScreen.swift */ = {isa = PBXFileReference; lastKnownFileType = sourcecode.swift; path = LoginScreen.swift; sourceTree = "<group>"; };
		834875EE2BE33314008A50CB /* LoginModel.swift */ = {isa = PBXFileReference; lastKnownFileType = sourcecode.swift; path = LoginModel.swift; sourceTree = "<group>"; };
		834875F02BE33326008A50CB /* LoginVM.swift */ = {isa = PBXFileReference; lastKnownFileType = sourcecode.swift; path = LoginVM.swift; sourceTree = "<group>"; };
		834875F22BE33384008A50CB /* HomeModel.swift */ = {isa = PBXFileReference; lastKnownFileType = sourcecode.swift; path = HomeModel.swift; sourceTree = "<group>"; };
		834875F42BE3338D008A50CB /* HomeVM.swift */ = {isa = PBXFileReference; lastKnownFileType = sourcecode.swift; path = HomeVM.swift; sourceTree = "<group>"; };
		834875F72BE33516008A50CB /* HomeDetailVC.swift */ = {isa = PBXFileReference; lastKnownFileType = sourcecode.swift; path = HomeDetailVC.swift; sourceTree = "<group>"; };
		834875FA2BE335B2008A50CB /* HomeCell.swift */ = {isa = PBXFileReference; lastKnownFileType = sourcecode.swift; path = HomeCell.swift; sourceTree = "<group>"; };
		834875FE2BE33B2C008A50CB /* LessDetailHomeCell.swift */ = {isa = PBXFileReference; lastKnownFileType = sourcecode.swift; path = LessDetailHomeCell.swift; sourceTree = "<group>"; };
		834876012BE33C0D008A50CB /* StatusView.swift */ = {isa = PBXFileReference; lastKnownFileType = sourcecode.swift; path = StatusView.swift; sourceTree = "<group>"; };
		834876042BE33E90008A50CB /* NotFoundCell.swift */ = {isa = PBXFileReference; lastKnownFileType = sourcecode.swift; path = NotFoundCell.swift; sourceTree = "<group>"; };
		834876072BE341E8008A50CB /* FooterHomeCell.swift */ = {isa = PBXFileReference; lastKnownFileType = sourcecode.swift; path = FooterHomeCell.swift; sourceTree = "<group>"; };
		8348760A2BE343BB008A50CB /* ReuseStatusUpdateView.swift */ = {isa = PBXFileReference; lastKnownFileType = sourcecode.swift; path = ReuseStatusUpdateView.swift; sourceTree = "<group>"; };
		8348760E2BE34E9D008A50CB /* AppVersionDetailViewCell.swift */ = {isa = PBXFileReference; lastKnownFileType = sourcecode.swift; path = AppVersionDetailViewCell.swift; sourceTree = "<group>"; };
		834876102BE38C82008A50CB /* ProfileDetailViewVC.swift */ = {isa = PBXFileReference; lastKnownFileType = sourcecode.swift; path = ProfileDetailViewVC.swift; sourceTree = "<group>"; };
		834876122BE38C92008A50CB /* ProfileUserVM.swift */ = {isa = PBXFileReference; lastKnownFileType = sourcecode.swift; path = ProfileUserVM.swift; sourceTree = "<group>"; };
		834876142BE38C9F008A50CB /* ProfileModel.swift */ = {isa = PBXFileReference; lastKnownFileType = sourcecode.swift; path = ProfileModel.swift; sourceTree = "<group>"; };
		834876172BE38DC9008A50CB /* ProfileMoreDetailCell.swift */ = {isa = PBXFileReference; lastKnownFileType = sourcecode.swift; path = ProfileMoreDetailCell.swift; sourceTree = "<group>"; };
		834876192BE38DE3008A50CB /* ProfileListCell.swift */ = {isa = PBXFileReference; lastKnownFileType = sourcecode.swift; path = ProfileListCell.swift; sourceTree = "<group>"; };
		834B70202BE0C4A2006FB95C /* KOSIGNSTORE _iOS.app */ = {isa = PBXFileReference; explicitFileType = wrapper.application; includeInIndex = 0; path = "KOSIGNSTORE _iOS.app"; sourceTree = BUILT_PRODUCTS_DIR; };
		834B70232BE0C4A2006FB95C /* KOSIGNSTORE_iOSApp.swift */ = {isa = PBXFileReference; lastKnownFileType = sourcecode.swift; path = KOSIGNSTORE_iOSApp.swift; sourceTree = "<group>"; };
		834B70272BE0C4A5006FB95C /* Assets.xcassets */ = {isa = PBXFileReference; lastKnownFileType = folder.assetcatalog; path = Assets.xcassets; sourceTree = "<group>"; };
		834B702A2BE0C4A5006FB95C /* Preview Assets.xcassets */ = {isa = PBXFileReference; lastKnownFileType = folder.assetcatalog; path = "Preview Assets.xcassets"; sourceTree = "<group>"; };
		834B703A2BE0D80D006FB95C /* Encodable.swift */ = {isa = PBXFileReference; lastKnownFileType = sourcecode.swift; path = Encodable.swift; sourceTree = "<group>"; };
		834B703C2BE0DA7C006FB95C /* Log.swift */ = {isa = PBXFileReference; lastKnownFileType = sourcecode.swift; path = Log.swift; sourceTree = "<group>"; };
		834B703E2BE0DA89006FB95C /* Shared.swift */ = {isa = PBXFileReference; lastKnownFileType = sourcecode.swift; path = Shared.swift; sourceTree = "<group>"; };
		834B70402BE0DA9C006FB95C /* MyJson.swift */ = {isa = PBXFileReference; lastKnownFileType = sourcecode.swift; path = MyJson.swift; sourceTree = "<group>"; };
		834B70422BE0DC65006FB95C /* NetworkManager.swift */ = {isa = PBXFileReference; lastKnownFileType = sourcecode.swift; path = NetworkManager.swift; sourceTree = "<group>"; };
		834B704B2BE0DF80006FB95C /* Data.swift */ = {isa = PBXFileReference; lastKnownFileType = sourcecode.swift; path = Data.swift; sourceTree = "<group>"; };
		834B704D2BE0DFF2006FB95C /* Content.swift */ = {isa = PBXFileReference; lastKnownFileType = sourcecode.swift; path = Content.swift; sourceTree = "<group>"; };
		834B704F2BE0E02F006FB95C /* Model.swift */ = {isa = PBXFileReference; lastKnownFileType = sourcecode.swift; path = Model.swift; sourceTree = "<group>"; };
		834B70512BE0E05D006FB95C /* String.swift */ = {isa = PBXFileReference; lastKnownFileType = sourcecode.swift; path = String.swift; sourceTree = "<group>"; };
		834B70532BE0E58E006FB95C /* HomeVC.swift */ = {isa = PBXFileReference; lastKnownFileType = sourcecode.swift; path = HomeVC.swift; sourceTree = "<group>"; };
		834B70562BE0E6D6006FB95C /* LaunchScreen.swift */ = {isa = PBXFileReference; lastKnownFileType = sourcecode.swift; path = LaunchScreen.swift; sourceTree = "<group>"; };
		834B705A2BE0E913006FB95C /* Rubik-VariableFont_wght.ttf */ = {isa = PBXFileReference; lastKnownFileType = file; path = "Rubik-VariableFont_wght.ttf"; sourceTree = "<group>"; };
		834B705B2BE0E913006FB95C /* Rubik-Italic-VariableFont_wght.ttf */ = {isa = PBXFileReference; lastKnownFileType = file; path = "Rubik-Italic-VariableFont_wght.ttf"; sourceTree = "<group>"; };
		834B705D2BE0E913006FB95C /* Rubik-MediumItalic.ttf */ = {isa = PBXFileReference; lastKnownFileType = file; path = "Rubik-MediumItalic.ttf"; sourceTree = "<group>"; };
		834B705E2BE0E914006FB95C /* Rubik-Bold.ttf */ = {isa = PBXFileReference; lastKnownFileType = file; path = "Rubik-Bold.ttf"; sourceTree = "<group>"; };
		834B705F2BE0E914006FB95C /* Rubik-SemiBoldItalic.ttf */ = {isa = PBXFileReference; lastKnownFileType = file; path = "Rubik-SemiBoldItalic.ttf"; sourceTree = "<group>"; };
		834B70602BE0E914006FB95C /* Rubik-Light.ttf */ = {isa = PBXFileReference; lastKnownFileType = file; path = "Rubik-Light.ttf"; sourceTree = "<group>"; };
		834B70612BE0E914006FB95C /* Rubik-Medium.ttf */ = {isa = PBXFileReference; lastKnownFileType = file; path = "Rubik-Medium.ttf"; sourceTree = "<group>"; };
		834B70622BE0E914006FB95C /* Rubik-ExtraBoldItalic.ttf */ = {isa = PBXFileReference; lastKnownFileType = file; path = "Rubik-ExtraBoldItalic.ttf"; sourceTree = "<group>"; };
		834B70632BE0E914006FB95C /* Rubik-Black.ttf */ = {isa = PBXFileReference; lastKnownFileType = file; path = "Rubik-Black.ttf"; sourceTree = "<group>"; };
		834B70642BE0E914006FB95C /* Rubik-Italic.ttf */ = {isa = PBXFileReference; lastKnownFileType = file; path = "Rubik-Italic.ttf"; sourceTree = "<group>"; };
		834B70652BE0E914006FB95C /* Rubik-LightItalic.ttf */ = {isa = PBXFileReference; lastKnownFileType = file; path = "Rubik-LightItalic.ttf"; sourceTree = "<group>"; };
		834B70662BE0E914006FB95C /* Rubik-SemiBold.ttf */ = {isa = PBXFileReference; lastKnownFileType = file; path = "Rubik-SemiBold.ttf"; sourceTree = "<group>"; };
		834B70672BE0E914006FB95C /* Rubik-BlackItalic.ttf */ = {isa = PBXFileReference; lastKnownFileType = file; path = "Rubik-BlackItalic.ttf"; sourceTree = "<group>"; };
		834B70682BE0E914006FB95C /* Rubik-ExtraBold.ttf */ = {isa = PBXFileReference; lastKnownFileType = file; path = "Rubik-ExtraBold.ttf"; sourceTree = "<group>"; };
		834B70692BE0E914006FB95C /* Rubik-Regular.ttf */ = {isa = PBXFileReference; lastKnownFileType = file; path = "Rubik-Regular.ttf"; sourceTree = "<group>"; };
		834B706A2BE0E914006FB95C /* Rubik-BoldItalic.ttf */ = {isa = PBXFileReference; lastKnownFileType = file; path = "Rubik-BoldItalic.ttf"; sourceTree = "<group>"; };
		834B706B2BE0E914006FB95C /* OFL.txt */ = {isa = PBXFileReference; fileEncoding = 4; lastKnownFileType = text; path = OFL.txt; sourceTree = "<group>"; };
		834B706C2BE0E914006FB95C /* README.txt */ = {isa = PBXFileReference; fileEncoding = 4; lastKnownFileType = text; path = README.txt; sourceTree = "<group>"; };
		834B707F2BE0EC58006FB95C /* KOSIGNSTORE--iOS-Info.plist */ = {isa = PBXFileReference; lastKnownFileType = text.plist; path = "KOSIGNSTORE--iOS-Info.plist"; sourceTree = SOURCE_ROOT; };
		834B70812BE0ED89006FB95C /* Fonts.swift */ = {isa = PBXFileReference; lastKnownFileType = sourcecode.swift; path = Fonts.swift; sourceTree = "<group>"; };
		839E3EFB2BE47F7200455220 /* View.swift */ = {isa = PBXFileReference; lastKnownFileType = sourcecode.swift; path = View.swift; sourceTree = "<group>"; };
		839E3EFD2BE4BDAA00455220 /* AnyCodableValue.swift */ = {isa = PBXFileReference; lastKnownFileType = sourcecode.swift; path = AnyCodableValue.swift; sourceTree = "<group>"; };
		839E3EFF2BE4BDD200455220 /* MG.swift */ = {isa = PBXFileReference; lastKnownFileType = sourcecode.swift; path = MG.swift; sourceTree = "<group>"; };
		839E3F012BE4BE0800455220 /* MgVM.swift */ = {isa = PBXFileReference; lastKnownFileType = sourcecode.swift; path = MgVM.swift; sourceTree = "<group>"; };
		839E3F032BE4C01400455220 /* AccountCell.swift */ = {isa = PBXFileReference; lastKnownFileType = sourcecode.swift; path = AccountCell.swift; sourceTree = "<group>"; };
		839E3F052BE4D7BA00455220 /* AboutCompanyCV.swift */ = {isa = PBXFileReference; lastKnownFileType = sourcecode.swift; path = AboutCompanyCV.swift; sourceTree = "<group>"; };
		839E3F072BE4DE5B00455220 /* AccountViewVC.swift */ = {isa = PBXFileReference; lastKnownFileType = sourcecode.swift; path = AccountViewVC.swift; sourceTree = "<group>"; };
		839E3F092BE4E59500455220 /* ProfileUpdateUser.swift */ = {isa = PBXFileReference; lastKnownFileType = sourcecode.swift; path = ProfileUpdateUser.swift; sourceTree = "<group>"; };
/* End PBXFileReference section */

/* Begin PBXFrameworksBuildPhase section */
		834B701D2BE0C4A2006FB95C /* Frameworks */ = {
			isa = PBXFrameworksBuildPhase;
			buildActionMask = 2147483647;
			files = (
				83C195C12BE9D4EB00E9E5A3 /* SDWebImageSwiftUI in Frameworks */,
			);
			runOnlyForDeploymentPostprocessing = 0;
		};
/* End PBXFrameworksBuildPhase section */

/* Begin PBXGroup section */
		834875DF2BE328C3008A50CB /* Loading */ = {
			isa = PBXGroup;
			children = (
				834875E02BE32996008A50CB /* ActivityIndicatorLoading.swift */,
			);
			path = Loading;
			sourceTree = "<group>";
		};
		834875E22BE331B3008A50CB /* View */ = {
			isa = PBXGroup;
			children = (
				834875EA2BE33281008A50CB /* LoginScreen.swift */,
			);
			path = View;
			sourceTree = "<group>";
		};
		834875E32BE331BA008A50CB /* ViewModel */ = {
			isa = PBXGroup;
			children = (
				834875F02BE33326008A50CB /* LoginVM.swift */,
				839E3F012BE4BE0800455220 /* MgVM.swift */,
			);
			path = ViewModel;
			sourceTree = "<group>";
		};
		834875E42BE331CA008A50CB /* Model */ = {
			isa = PBXGroup;
			children = (
				834875EE2BE33314008A50CB /* LoginModel.swift */,
				839E3EFF2BE4BDD200455220 /* MG.swift */,
			);
			path = Model;
			sourceTree = "<group>";
		};
		834875E52BE331E0008A50CB /* View */ = {
			isa = PBXGroup;
			children = (
				834876162BE38D98008A50CB /* Cell */,
				834876102BE38C82008A50CB /* ProfileDetailViewVC.swift */,
				839E3F052BE4D7BA00455220 /* AboutCompanyCV.swift */,
				839E3F072BE4DE5B00455220 /* AccountViewVC.swift */,
				839E3F092BE4E59500455220 /* ProfileUpdateUser.swift */,
			);
			path = View;
			sourceTree = "<group>";
		};
		834875E62BE331E9008A50CB /* ViewModel */ = {
			isa = PBXGroup;
			children = (
				834876122BE38C92008A50CB /* ProfileUserVM.swift */,
			);
			path = ViewModel;
			sourceTree = "<group>";
		};
		834875E72BE331F1008A50CB /* Model */ = {
			isa = PBXGroup;
			children = (
				834876142BE38C9F008A50CB /* ProfileModel.swift */,
			);
			path = Model;
			sourceTree = "<group>";
		};
		834875E92BE33202008A50CB /* DetailCell */ = {
			isa = PBXGroup;
			children = (
				834875FA2BE335B2008A50CB /* HomeCell.swift */,
			);
			path = DetailCell;
			sourceTree = "<group>";
		};
		834875F62BE334F1008A50CB /* HomeDetail */ = {
			isa = PBXGroup;
			children = (
				8348760D2BE34E75008A50CB /* Cell */,
				834875F72BE33516008A50CB /* HomeDetailVC.swift */,
			);
			path = HomeDetail;
			sourceTree = "<group>";
		};
		834875F92BE33599008A50CB /* Home */ = {
			isa = PBXGroup;
			children = (
				8348760C2BE34945008A50CB /* Cell */,
				834B70532BE0E58E006FB95C /* HomeVC.swift */,
			);
			path = Home;
			sourceTree = "<group>";
		};
		834875FD2BE33AEC008A50CB /* LessDetailCell */ = {
			isa = PBXGroup;
			children = (
				834875FE2BE33B2C008A50CB /* LessDetailHomeCell.swift */,
			);
			path = LessDetailCell;
			sourceTree = "<group>";
		};
		834876002BE33BF6008A50CB /* ViewStatus */ = {
			isa = PBXGroup;
			children = (
				834876012BE33C0D008A50CB /* StatusView.swift */,
			);
			path = ViewStatus;
			sourceTree = "<group>";
		};
		834876032BE33E5C008A50CB /* NoResultCell */ = {
			isa = PBXGroup;
			children = (
				834876042BE33E90008A50CB /* NotFoundCell.swift */,
			);
			path = NoResultCell;
			sourceTree = "<group>";
		};
		834876062BE341BF008A50CB /* FooterHomeCell */ = {
			isa = PBXGroup;
			children = (
				834876072BE341E8008A50CB /* FooterHomeCell.swift */,
			);
			path = FooterHomeCell;
			sourceTree = "<group>";
		};
		834876092BE34317008A50CB /* ReuseStatusUpdateView */ = {
			isa = PBXGroup;
			children = (
				8348760A2BE343BB008A50CB /* ReuseStatusUpdateView.swift */,
			);
			path = ReuseStatusUpdateView;
			sourceTree = "<group>";
		};
		8348760C2BE34945008A50CB /* Cell */ = {
			isa = PBXGroup;
			children = (
				834876062BE341BF008A50CB /* FooterHomeCell */,
				834876032BE33E5C008A50CB /* NoResultCell */,
				834875FD2BE33AEC008A50CB /* LessDetailCell */,
				834875E92BE33202008A50CB /* DetailCell */,
			);
			path = Cell;
			sourceTree = "<group>";
		};
		8348760D2BE34E75008A50CB /* Cell */ = {
			isa = PBXGroup;
			children = (
				8348760E2BE34E9D008A50CB /* AppVersionDetailViewCell.swift */,
			);
			path = Cell;
			sourceTree = "<group>";
		};
		834876162BE38D98008A50CB /* Cell */ = {
			isa = PBXGroup;
			children = (
				834876172BE38DC9008A50CB /* ProfileMoreDetailCell.swift */,
				834876192BE38DE3008A50CB /* ProfileListCell.swift */,
				839E3F032BE4C01400455220 /* AccountCell.swift */,
			);
			path = Cell;
			sourceTree = "<group>";
		};
		834B70172BE0C4A2006FB95C = {
			isa = PBXGroup;
			children = (
				834B70222BE0C4A2006FB95C /* KOSIGNSTORE _iOS */,
				834B70212BE0C4A2006FB95C /* Products */,
			);
			sourceTree = "<group>";
		};
		834B70212BE0C4A2006FB95C /* Products */ = {
			isa = PBXGroup;
			children = (
				834B70202BE0C4A2006FB95C /* KOSIGNSTORE _iOS.app */,
			);
			name = Products;
			sourceTree = "<group>";
		};
		834B70222BE0C4A2006FB95C /* KOSIGNSTORE _iOS */ = {
			isa = PBXGroup;
			children = (
				834B707F2BE0EC58006FB95C /* KOSIGNSTORE--iOS-Info.plist */,
				834B70372BE0D722006FB95C /* Lifecycle */,
				834B70362BE0C78A006FB95C /* Researce */,
				834B70332BE0C6F0006FB95C /* Utilities */,
				834B70312BE0C6D7006FB95C /* Application */,
				834B70292BE0C4A5006FB95C /* Preview Content */,
			);
			path = "KOSIGNSTORE _iOS";
			sourceTree = "<group>";
		};
		834B70292BE0C4A5006FB95C /* Preview Content */ = {
			isa = PBXGroup;
			children = (
				834B702A2BE0C4A5006FB95C /* Preview Assets.xcassets */,
			);
			path = "Preview Content";
			sourceTree = "<group>";
		};
		834B70312BE0C6D7006FB95C /* Application */ = {
			isa = PBXGroup;
			children = (
				834B70442BE0DEA2006FB95C /* Main */,
			);
			path = Application;
			sourceTree = "<group>";
		};
		834B70322BE0C6E5006FB95C /* Components */ = {
			isa = PBXGroup;
			children = (
			);
			path = Components;
			sourceTree = "<group>";
		};
		834B70332BE0C6F0006FB95C /* Utilities */ = {
			isa = PBXGroup;
			children = (
				834B70322BE0C6E5006FB95C /* Components */,
				834B70392BE0D7A5006FB95C /* MapingMultiTypeData */,
				834B70382BE0D79B006FB95C /* Custom */,
				834B70352BE0C779006FB95C /* Extention */,
				834B70342BE0C764006FB95C /* Network */,
			);
			path = Utilities;
			sourceTree = "<group>";
		};
		834B70342BE0C764006FB95C /* Network */ = {
			isa = PBXGroup;
			children = (
				834B703A2BE0D80D006FB95C /* Encodable.swift */,
				834B704F2BE0E02F006FB95C /* Model.swift */,
				834B703C2BE0DA7C006FB95C /* Log.swift */,
				834B70402BE0DA9C006FB95C /* MyJson.swift */,
				834B704B2BE0DF80006FB95C /* Data.swift */,
				834B703E2BE0DA89006FB95C /* Shared.swift */,
				834B704D2BE0DFF2006FB95C /* Content.swift */,
				834B70422BE0DC65006FB95C /* NetworkManager.swift */,
			);
			path = Network;
			sourceTree = "<group>";
		};
		834B70352BE0C779006FB95C /* Extention */ = {
			isa = PBXGroup;
			children = (
				834B70512BE0E05D006FB95C /* String.swift */,
				839E3EFB2BE47F7200455220 /* View.swift */,
			);
			path = Extention;
			sourceTree = "<group>";
		};
		834B70362BE0C78A006FB95C /* Researce */ = {
			isa = PBXGroup;
			children = (
				834B70582BE0E913006FB95C /* Font */,
				834B70272BE0C4A5006FB95C /* Assets.xcassets */,
			);
			path = Researce;
			sourceTree = "<group>";
		};
		834B70372BE0D722006FB95C /* Lifecycle */ = {
			isa = PBXGroup;
			children = (
				834B70232BE0C4A2006FB95C /* KOSIGNSTORE_iOSApp.swift */,
			);
			path = Lifecycle;
			sourceTree = "<group>";
		};
		834B70382BE0D79B006FB95C /* Custom */ = {
			isa = PBXGroup;
			children = (
				834876092BE34317008A50CB /* ReuseStatusUpdateView */,
				834876002BE33BF6008A50CB /* ViewStatus */,
				834875DF2BE328C3008A50CB /* Loading */,
				834B70812BE0ED89006FB95C /* Fonts.swift */,
			);
			path = Custom;
			sourceTree = "<group>";
		};
		834B70392BE0D7A5006FB95C /* MapingMultiTypeData */ = {
			isa = PBXGroup;
			children = (
				839E3EFD2BE4BDAA00455220 /* AnyCodableValue.swift */,
			);
			path = MapingMultiTypeData;
			sourceTree = "<group>";
		};
		834B70442BE0DEA2006FB95C /* Main */ = {
			isa = PBXGroup;
			children = (
				834B70552BE0E665006FB95C /* Launch */,
				834B70472BE0DECA006FB95C /* LogIn */,
				834B70462BE0DEC0006FB95C /* Profile */,
				834B70452BE0DEB9006FB95C /* Home */,
			);
			path = Main;
			sourceTree = "<group>";
		};
		834B70452BE0DEB9006FB95C /* Home */ = {
			isa = PBXGroup;
			children = (
				834B70492BE0DEDF006FB95C /* Model */,
				834B704A2BE0DEEC006FB95C /* ViewModel */,
				834B70482BE0DEDA006FB95C /* View */,
			);
			path = Home;
			sourceTree = "<group>";
		};
		834B70462BE0DEC0006FB95C /* Profile */ = {
			isa = PBXGroup;
			children = (
				834875E72BE331F1008A50CB /* Model */,
				834875E62BE331E9008A50CB /* ViewModel */,
				834875E52BE331E0008A50CB /* View */,
			);
			path = Profile;
			sourceTree = "<group>";
		};
		834B70472BE0DECA006FB95C /* LogIn */ = {
			isa = PBXGroup;
			children = (
				834875E42BE331CA008A50CB /* Model */,
				834875E32BE331BA008A50CB /* ViewModel */,
				834875E22BE331B3008A50CB /* View */,
			);
			path = LogIn;
			sourceTree = "<group>";
		};
		834B70482BE0DEDA006FB95C /* View */ = {
			isa = PBXGroup;
			children = (
				834875F92BE33599008A50CB /* Home */,
				834875F62BE334F1008A50CB /* HomeDetail */,
			);
			path = View;
			sourceTree = "<group>";
		};
		834B70492BE0DEDF006FB95C /* Model */ = {
			isa = PBXGroup;
			children = (
				834875F22BE33384008A50CB /* HomeModel.swift */,
			);
			path = Model;
			sourceTree = "<group>";
		};
		834B704A2BE0DEEC006FB95C /* ViewModel */ = {
			isa = PBXGroup;
			children = (
				834875F42BE3338D008A50CB /* HomeVM.swift */,
			);
			path = ViewModel;
			sourceTree = "<group>";
		};
		834B70552BE0E665006FB95C /* Launch */ = {
			isa = PBXGroup;
			children = (
				834B70562BE0E6D6006FB95C /* LaunchScreen.swift */,
			);
			name = Launch;
			sourceTree = "<group>";
		};
		834B70582BE0E913006FB95C /* Font */ = {
			isa = PBXGroup;
			children = (
				834B70592BE0E913006FB95C /* Rubik */,
			);
			path = Font;
			sourceTree = "<group>";
		};
		834B70592BE0E913006FB95C /* Rubik */ = {
			isa = PBXGroup;
			children = (
				834B705A2BE0E913006FB95C /* Rubik-VariableFont_wght.ttf */,
				834B705B2BE0E913006FB95C /* Rubik-Italic-VariableFont_wght.ttf */,
				834B705C2BE0E913006FB95C /* static */,
				834B706B2BE0E914006FB95C /* OFL.txt */,
				834B706C2BE0E914006FB95C /* README.txt */,
			);
			path = Rubik;
			sourceTree = "<group>";
		};
		834B705C2BE0E913006FB95C /* static */ = {
			isa = PBXGroup;
			children = (
				834B705D2BE0E913006FB95C /* Rubik-MediumItalic.ttf */,
				834B705E2BE0E914006FB95C /* Rubik-Bold.ttf */,
				834B705F2BE0E914006FB95C /* Rubik-SemiBoldItalic.ttf */,
				834B70602BE0E914006FB95C /* Rubik-Light.ttf */,
				834B70612BE0E914006FB95C /* Rubik-Medium.ttf */,
				834B70622BE0E914006FB95C /* Rubik-ExtraBoldItalic.ttf */,
				834B70632BE0E914006FB95C /* Rubik-Black.ttf */,
				834B70642BE0E914006FB95C /* Rubik-Italic.ttf */,
				834B70652BE0E914006FB95C /* Rubik-LightItalic.ttf */,
				834B70662BE0E914006FB95C /* Rubik-SemiBold.ttf */,
				834B70672BE0E914006FB95C /* Rubik-BlackItalic.ttf */,
				834B70682BE0E914006FB95C /* Rubik-ExtraBold.ttf */,
				834B70692BE0E914006FB95C /* Rubik-Regular.ttf */,
				834B706A2BE0E914006FB95C /* Rubik-BoldItalic.ttf */,
			);
			path = static;
			sourceTree = "<group>";
		};
/* End PBXGroup section */

/* Begin PBXNativeTarget section */
		834B701F2BE0C4A2006FB95C /* KOSIGNSTORE _iOS */ = {
			isa = PBXNativeTarget;
			buildConfigurationList = 834B702E2BE0C4A5006FB95C /* Build configuration list for PBXNativeTarget "KOSIGNSTORE _iOS" */;
			buildPhases = (
				834B701C2BE0C4A2006FB95C /* Sources */,
				834B701D2BE0C4A2006FB95C /* Frameworks */,
				834B701E2BE0C4A2006FB95C /* Resources */,
			);
			buildRules = (
			);
			dependencies = (
			);
			name = "KOSIGNSTORE _iOS";
			packageProductDependencies = (
				83C195C02BE9D4EB00E9E5A3 /* SDWebImageSwiftUI */,
			);
			productName = "KOSIGNSTORE _iOS";
			productReference = 834B70202BE0C4A2006FB95C /* KOSIGNSTORE _iOS.app */;
			productType = "com.apple.product-type.application";
		};
/* End PBXNativeTarget section */

/* Begin PBXProject section */
		834B70182BE0C4A2006FB95C /* Project object */ = {
			isa = PBXProject;
			attributes = {
				BuildIndependentTargetsInParallel = 1;
				LastSwiftUpdateCheck = 1520;
				LastUpgradeCheck = 1520;
				TargetAttributes = {
					834B701F2BE0C4A2006FB95C = {
						CreatedOnToolsVersion = 15.2;
					};
				};
			};
			buildConfigurationList = 834B701B2BE0C4A2006FB95C /* Build configuration list for PBXProject "KOSIGNSTORE _iOS" */;
			compatibilityVersion = "Xcode 14.0";
			developmentRegion = en;
			hasScannedForEncodings = 0;
			knownRegions = (
				en,
				Base,
			);
			mainGroup = 834B70172BE0C4A2006FB95C;
			packageReferences = (
				83C195BF2BE9D4EB00E9E5A3 /* XCRemoteSwiftPackageReference "SDWebImageSwiftUI" */,
			);
			productRefGroup = 834B70212BE0C4A2006FB95C /* Products */;
			projectDirPath = "";
			projectRoot = "";
			targets = (
				834B701F2BE0C4A2006FB95C /* KOSIGNSTORE _iOS */,
			);
		};
/* End PBXProject section */

/* Begin PBXResourcesBuildPhase section */
		834B701E2BE0C4A2006FB95C /* Resources */ = {
			isa = PBXResourcesBuildPhase;
			buildActionMask = 2147483647;
			files = (
				834B706D2BE0E914006FB95C /* Rubik-VariableFont_wght.ttf in Resources */,
				834B70702BE0E914006FB95C /* Rubik-Bold.ttf in Resources */,
				834B706E2BE0E914006FB95C /* Rubik-Italic-VariableFont_wght.ttf in Resources */,
				834B70752BE0E914006FB95C /* Rubik-Black.ttf in Resources */,
				834B706F2BE0E914006FB95C /* Rubik-MediumItalic.ttf in Resources */,
				834B70792BE0E914006FB95C /* Rubik-BlackItalic.ttf in Resources */,
				834B702B2BE0C4A5006FB95C /* Preview Assets.xcassets in Resources */,
				834B707C2BE0E914006FB95C /* Rubik-BoldItalic.ttf in Resources */,
				834B70802BE0ED5C006FB95C /* KOSIGNSTORE--iOS-Info.plist in Resources */,
				834B70722BE0E914006FB95C /* Rubik-Light.ttf in Resources */,
				834B707D2BE0E914006FB95C /* OFL.txt in Resources */,
				834B70772BE0E914006FB95C /* Rubik-LightItalic.ttf in Resources */,
				834B70732BE0E914006FB95C /* Rubik-Medium.ttf in Resources */,
				834B70762BE0E914006FB95C /* Rubik-Italic.ttf in Resources */,
				834B70282BE0C4A5006FB95C /* Assets.xcassets in Resources */,
				834B707E2BE0E914006FB95C /* README.txt in Resources */,
				834B70742BE0E914006FB95C /* Rubik-ExtraBoldItalic.ttf in Resources */,
				834B707B2BE0E914006FB95C /* Rubik-Regular.ttf in Resources */,
				834B70712BE0E914006FB95C /* Rubik-SemiBoldItalic.ttf in Resources */,
				834B707A2BE0E914006FB95C /* Rubik-ExtraBold.ttf in Resources */,
				834B70782BE0E914006FB95C /* Rubik-SemiBold.ttf in Resources */,
			);
			runOnlyForDeploymentPostprocessing = 0;
		};
/* End PBXResourcesBuildPhase section */

/* Begin PBXSourcesBuildPhase section */
		834B701C2BE0C4A2006FB95C /* Sources */ = {
			isa = PBXSourcesBuildPhase;
			buildActionMask = 2147483647;
			files = (
				834B70822BE0ED89006FB95C /* Fonts.swift in Sources */,
				834875FB2BE335B2008A50CB /* HomeCell.swift in Sources */,
				834875E12BE32996008A50CB /* ActivityIndicatorLoading.swift in Sources */,
				834876112BE38C82008A50CB /* ProfileDetailViewVC.swift in Sources */,
				834875F32BE33384008A50CB /* HomeModel.swift in Sources */,
				834B70572BE0E6D6006FB95C /* LaunchScreen.swift in Sources */,
				834B703F2BE0DA89006FB95C /* Shared.swift in Sources */,
				834B70522BE0E05D006FB95C /* String.swift in Sources */,
				839E3F002BE4BDD200455220 /* MG.swift in Sources */,
				834B703B2BE0D80D006FB95C /* Encodable.swift in Sources */,
				834876022BE33C0D008A50CB /* StatusView.swift in Sources */,
				834875FF2BE33B2C008A50CB /* LessDetailHomeCell.swift in Sources */,
				834876082BE341E8008A50CB /* FooterHomeCell.swift in Sources */,
				834876052BE33E90008A50CB /* NotFoundCell.swift in Sources */,
				834876132BE38C92008A50CB /* ProfileUserVM.swift in Sources */,
				834B70432BE0DC65006FB95C /* NetworkManager.swift in Sources */,
				834876182BE38DC9008A50CB /* ProfileMoreDetailCell.swift in Sources */,
				834876152BE38C9F008A50CB /* ProfileModel.swift in Sources */,
				834875EF2BE33314008A50CB /* LoginModel.swift in Sources */,
				834B70412BE0DA9C006FB95C /* MyJson.swift in Sources */,
				839E3F042BE4C01400455220 /* AccountCell.swift in Sources */,
				8348760F2BE34E9D008A50CB /* AppVersionDetailViewCell.swift in Sources */,
				839E3EFC2BE47F7200455220 /* View.swift in Sources */,
				834875F82BE33516008A50CB /* HomeDetailVC.swift in Sources */,
				834B70502BE0E02F006FB95C /* Model.swift in Sources */,
				834B704E2BE0DFF2006FB95C /* Content.swift in Sources */,
				8348760B2BE343BB008A50CB /* ReuseStatusUpdateView.swift in Sources */,
				834875EB2BE33281008A50CB /* LoginScreen.swift in Sources */,
				834B703D2BE0DA7C006FB95C /* Log.swift in Sources */,
				839E3F082BE4DE5B00455220 /* AccountViewVC.swift in Sources */,
				834B70542BE0E58E006FB95C /* HomeVC.swift in Sources */,
				834B70242BE0C4A2006FB95C /* KOSIGNSTORE_iOSApp.swift in Sources */,
				839E3EFE2BE4BDAA00455220 /* AnyCodableValue.swift in Sources */,
				834B704C2BE0DF80006FB95C /* Data.swift in Sources */,
				839E3F022BE4BE0800455220 /* MgVM.swift in Sources */,
				839E3F062BE4D7BA00455220 /* AboutCompanyCV.swift in Sources */,
				8348761A2BE38DE3008A50CB /* ProfileListCell.swift in Sources */,
				839E3F0A2BE4E59500455220 /* ProfileUpdateUser.swift in Sources */,
				834875F52BE3338D008A50CB /* HomeVM.swift in Sources */,
				834875F12BE33326008A50CB /* LoginVM.swift in Sources */,
			);
			runOnlyForDeploymentPostprocessing = 0;
		};
/* End PBXSourcesBuildPhase section */

/* Begin XCBuildConfiguration section */
		834B702C2BE0C4A5006FB95C /* Debug */ = {
			isa = XCBuildConfiguration;
			buildSettings = {
				ALWAYS_SEARCH_USER_PATHS = NO;
				ASSETCATALOG_COMPILER_GENERATE_SWIFT_ASSET_SYMBOL_EXTENSIONS = YES;
				CLANG_ANALYZER_NONNULL = YES;
				CLANG_ANALYZER_NUMBER_OBJECT_CONVERSION = YES_AGGRESSIVE;
				CLANG_CXX_LANGUAGE_STANDARD = "gnu++20";
				CLANG_ENABLE_MODULES = YES;
				CLANG_ENABLE_OBJC_ARC = YES;
				CLANG_ENABLE_OBJC_WEAK = YES;
				CLANG_WARN_BLOCK_CAPTURE_AUTORELEASING = YES;
				CLANG_WARN_BOOL_CONVERSION = YES;
				CLANG_WARN_COMMA = YES;
				CLANG_WARN_CONSTANT_CONVERSION = YES;
				CLANG_WARN_DEPRECATED_OBJC_IMPLEMENTATIONS = YES;
				CLANG_WARN_DIRECT_OBJC_ISA_USAGE = YES_ERROR;
				CLANG_WARN_DOCUMENTATION_COMMENTS = YES;
				CLANG_WARN_EMPTY_BODY = YES;
				CLANG_WARN_ENUM_CONVERSION = YES;
				CLANG_WARN_INFINITE_RECURSION = YES;
				CLANG_WARN_INT_CONVERSION = YES;
				CLANG_WARN_NON_LITERAL_NULL_CONVERSION = YES;
				CLANG_WARN_OBJC_IMPLICIT_RETAIN_SELF = YES;
				CLANG_WARN_OBJC_LITERAL_CONVERSION = YES;
				CLANG_WARN_OBJC_ROOT_CLASS = YES_ERROR;
				CLANG_WARN_QUOTED_INCLUDE_IN_FRAMEWORK_HEADER = YES;
				CLANG_WARN_RANGE_LOOP_ANALYSIS = YES;
				CLANG_WARN_STRICT_PROTOTYPES = YES;
				CLANG_WARN_SUSPICIOUS_MOVE = YES;
				CLANG_WARN_UNGUARDED_AVAILABILITY = YES_AGGRESSIVE;
				CLANG_WARN_UNREACHABLE_CODE = YES;
				CLANG_WARN__DUPLICATE_METHOD_MATCH = YES;
				COPY_PHASE_STRIP = NO;
				DEBUG_INFORMATION_FORMAT = dwarf;
				ENABLE_STRICT_OBJC_MSGSEND = YES;
				ENABLE_TESTABILITY = YES;
				ENABLE_USER_SCRIPT_SANDBOXING = YES;
				GCC_C_LANGUAGE_STANDARD = gnu17;
				GCC_DYNAMIC_NO_PIC = NO;
				GCC_NO_COMMON_BLOCKS = YES;
				GCC_OPTIMIZATION_LEVEL = 0;
				GCC_PREPROCESSOR_DEFINITIONS = (
					"DEBUG=1",
					"$(inherited)",
				);
				GCC_WARN_64_TO_32_BIT_CONVERSION = YES;
				GCC_WARN_ABOUT_RETURN_TYPE = YES_ERROR;
				GCC_WARN_UNDECLARED_SELECTOR = YES;
				GCC_WARN_UNINITIALIZED_AUTOS = YES_AGGRESSIVE;
				GCC_WARN_UNUSED_FUNCTION = YES;
				GCC_WARN_UNUSED_VARIABLE = YES;
				LOCALIZATION_PREFERS_STRING_CATALOGS = YES;
				MTL_ENABLE_DEBUG_INFO = INCLUDE_SOURCE;
				MTL_FAST_MATH = YES;
				ONLY_ACTIVE_ARCH = YES;
				SDKROOT = iphoneos;
				SWIFT_ACTIVE_COMPILATION_CONDITIONS = "DEBUG $(inherited)";
				SWIFT_OPTIMIZATION_LEVEL = "-Onone";
			};
			name = Debug;
		};
		834B702D2BE0C4A5006FB95C /* Release */ = {
			isa = XCBuildConfiguration;
			buildSettings = {
				ALWAYS_SEARCH_USER_PATHS = NO;
				ASSETCATALOG_COMPILER_GENERATE_SWIFT_ASSET_SYMBOL_EXTENSIONS = YES;
				CLANG_ANALYZER_NONNULL = YES;
				CLANG_ANALYZER_NUMBER_OBJECT_CONVERSION = YES_AGGRESSIVE;
				CLANG_CXX_LANGUAGE_STANDARD = "gnu++20";
				CLANG_ENABLE_MODULES = YES;
				CLANG_ENABLE_OBJC_ARC = YES;
				CLANG_ENABLE_OBJC_WEAK = YES;
				CLANG_WARN_BLOCK_CAPTURE_AUTORELEASING = YES;
				CLANG_WARN_BOOL_CONVERSION = YES;
				CLANG_WARN_COMMA = YES;
				CLANG_WARN_CONSTANT_CONVERSION = YES;
				CLANG_WARN_DEPRECATED_OBJC_IMPLEMENTATIONS = YES;
				CLANG_WARN_DIRECT_OBJC_ISA_USAGE = YES_ERROR;
				CLANG_WARN_DOCUMENTATION_COMMENTS = YES;
				CLANG_WARN_EMPTY_BODY = YES;
				CLANG_WARN_ENUM_CONVERSION = YES;
				CLANG_WARN_INFINITE_RECURSION = YES;
				CLANG_WARN_INT_CONVERSION = YES;
				CLANG_WARN_NON_LITERAL_NULL_CONVERSION = YES;
				CLANG_WARN_OBJC_IMPLICIT_RETAIN_SELF = YES;
				CLANG_WARN_OBJC_LITERAL_CONVERSION = YES;
				CLANG_WARN_OBJC_ROOT_CLASS = YES_ERROR;
				CLANG_WARN_QUOTED_INCLUDE_IN_FRAMEWORK_HEADER = YES;
				CLANG_WARN_RANGE_LOOP_ANALYSIS = YES;
				CLANG_WARN_STRICT_PROTOTYPES = YES;
				CLANG_WARN_SUSPICIOUS_MOVE = YES;
				CLANG_WARN_UNGUARDED_AVAILABILITY = YES_AGGRESSIVE;
				CLANG_WARN_UNREACHABLE_CODE = YES;
				CLANG_WARN__DUPLICATE_METHOD_MATCH = YES;
				COPY_PHASE_STRIP = NO;
				DEBUG_INFORMATION_FORMAT = "dwarf-with-dsym";
				ENABLE_NS_ASSERTIONS = NO;
				ENABLE_STRICT_OBJC_MSGSEND = YES;
				ENABLE_USER_SCRIPT_SANDBOXING = YES;
				GCC_C_LANGUAGE_STANDARD = gnu17;
				GCC_NO_COMMON_BLOCKS = YES;
				GCC_WARN_64_TO_32_BIT_CONVERSION = YES;
				GCC_WARN_ABOUT_RETURN_TYPE = YES_ERROR;
				GCC_WARN_UNDECLARED_SELECTOR = YES;
				GCC_WARN_UNINITIALIZED_AUTOS = YES_AGGRESSIVE;
				GCC_WARN_UNUSED_FUNCTION = YES;
				GCC_WARN_UNUSED_VARIABLE = YES;
				LOCALIZATION_PREFERS_STRING_CATALOGS = YES;
				MTL_ENABLE_DEBUG_INFO = NO;
				MTL_FAST_MATH = YES;
				SDKROOT = iphoneos;
				SWIFT_COMPILATION_MODE = wholemodule;
				VALIDATE_PRODUCT = YES;
			};
			name = Release;
		};
		834B702F2BE0C4A5006FB95C /* Debug */ = {
			isa = XCBuildConfiguration;
			buildSettings = {
				ASSETCATALOG_COMPILER_APPICON_NAME = AppIcon;
				ASSETCATALOG_COMPILER_GLOBAL_ACCENT_COLOR_NAME = AccentColor;
				CODE_SIGN_STYLE = Automatic;
				CURRENT_PROJECT_VERSION = 1;
				DEVELOPMENT_ASSET_PATHS = "\"KOSIGNSTORE _iOS/Preview Content\"";
				DEVELOPMENT_TEAM = 62EMNW6G6D;
				ENABLE_PREVIEWS = YES;
				GENERATE_INFOPLIST_FILE = YES;
				INFOPLIST_FILE = "KOSIGNSTORE--iOS-Info.plist";
				INFOPLIST_KEY_UIApplicationSceneManifest_Generation = YES;
				INFOPLIST_KEY_UIApplicationSupportsIndirectInputEvents = YES;
				INFOPLIST_KEY_UILaunchScreen_Generation = YES;
				INFOPLIST_KEY_UILaunchStoryboardName = LaunchScreen;
				INFOPLIST_KEY_UISupportedInterfaceOrientations_iPad = "UIInterfaceOrientationPortrait UIInterfaceOrientationPortraitUpsideDown UIInterfaceOrientationLandscapeLeft UIInterfaceOrientationLandscapeRight";
				INFOPLIST_KEY_UISupportedInterfaceOrientations_iPhone = "UIInterfaceOrientationPortrait UIInterfaceOrientationLandscapeLeft UIInterfaceOrientationLandscapeRight";
				LD_RUNPATH_SEARCH_PATHS = (
					"$(inherited)",
					"@executable_path/Frameworks",
				);
				MARKETING_VERSION = 1.0;
				PRODUCT_BUNDLE_IDENTIFIER = "com.kosign.wegarden.KOSIGNSTORE--OS";
				PRODUCT_NAME = "$(TARGET_NAME)";
				SWIFT_EMIT_LOC_STRINGS = YES;
				SWIFT_VERSION = 5.0;
				TARGETED_DEVICE_FAMILY = "1,2";
			};
			name = Debug;
		};
		834B70302BE0C4A5006FB95C /* Release */ = {
			isa = XCBuildConfiguration;
			buildSettings = {
				ASSETCATALOG_COMPILER_APPICON_NAME = AppIcon;
				ASSETCATALOG_COMPILER_GLOBAL_ACCENT_COLOR_NAME = AccentColor;
				CODE_SIGN_STYLE = Automatic;
				CURRENT_PROJECT_VERSION = 1;
				DEVELOPMENT_ASSET_PATHS = "\"KOSIGNSTORE _iOS/Preview Content\"";
				DEVELOPMENT_TEAM = 62EMNW6G6D;
				ENABLE_PREVIEWS = YES;
				GENERATE_INFOPLIST_FILE = YES;
				INFOPLIST_FILE = "KOSIGNSTORE--iOS-Info.plist";
				INFOPLIST_KEY_UIApplicationSceneManifest_Generation = YES;
				INFOPLIST_KEY_UIApplicationSupportsIndirectInputEvents = YES;
				INFOPLIST_KEY_UILaunchScreen_Generation = YES;
				INFOPLIST_KEY_UILaunchStoryboardName = LaunchScreen;
				INFOPLIST_KEY_UISupportedInterfaceOrientations_iPad = "UIInterfaceOrientationPortrait UIInterfaceOrientationPortraitUpsideDown UIInterfaceOrientationLandscapeLeft UIInterfaceOrientationLandscapeRight";
				INFOPLIST_KEY_UISupportedInterfaceOrientations_iPhone = "UIInterfaceOrientationPortrait UIInterfaceOrientationLandscapeLeft UIInterfaceOrientationLandscapeRight";
				LD_RUNPATH_SEARCH_PATHS = (
					"$(inherited)",
					"@executable_path/Frameworks",
				);
				MARKETING_VERSION = 1.0;
				PRODUCT_BUNDLE_IDENTIFIER = "com.kosign.wegarden.KOSIGNSTORE--OS";
				PRODUCT_NAME = "$(TARGET_NAME)";
				SWIFT_EMIT_LOC_STRINGS = YES;
				SWIFT_VERSION = 5.0;
				TARGETED_DEVICE_FAMILY = "1,2";
			};
			name = Release;
		};
/* End XCBuildConfiguration section */

/* Begin XCConfigurationList section */
		834B701B2BE0C4A2006FB95C /* Build configuration list for PBXProject "KOSIGNSTORE _iOS" */ = {
			isa = XCConfigurationList;
			buildConfigurations = (
				834B702C2BE0C4A5006FB95C /* Debug */,
				834B702D2BE0C4A5006FB95C /* Release */,
			);
			defaultConfigurationIsVisible = 0;
			defaultConfigurationName = Release;
		};
		834B702E2BE0C4A5006FB95C /* Build configuration list for PBXNativeTarget "KOSIGNSTORE _iOS" */ = {
			isa = XCConfigurationList;
			buildConfigurations = (
				834B702F2BE0C4A5006FB95C /* Debug */,
				834B70302BE0C4A5006FB95C /* Release */,
			);
			defaultConfigurationIsVisible = 0;
			defaultConfigurationName = Release;
		};
/* End XCConfigurationList section */

/* Begin XCRemoteSwiftPackageReference section */
		83C195BF2BE9D4EB00E9E5A3 /* XCRemoteSwiftPackageReference "SDWebImageSwiftUI" */ = {
			isa = XCRemoteSwiftPackageReference;
			repositoryURL = "https://github.com/SDWebImage/SDWebImageSwiftUI.git";
			requirement = {
				kind = upToNextMajorVersion;
				minimumVersion = 3.0.4;
			};
		};
/* End XCRemoteSwiftPackageReference section */

/* Begin XCSwiftPackageProductDependency section */
		83C195C02BE9D4EB00E9E5A3 /* SDWebImageSwiftUI */ = {
			isa = XCSwiftPackageProductDependency;
			package = 83C195BF2BE9D4EB00E9E5A3 /* XCRemoteSwiftPackageReference "SDWebImageSwiftUI" */;
			productName = SDWebImageSwiftUI;
		};
/* End XCSwiftPackageProductDependency section */
	};
	rootObject = 834B70182BE0C4A2006FB95C /* Project object */;
}
