{
  "pins" : [
    {
      "identity" : "fittedsheets",
      "kind" : "remoteSourceControl",
      "location" : "https://github.com/gordontucker/FittedSheets",
      "state" : {
        "revision" : "5d7f5a6307ad510aa05de5a4a16ac40846d3b2d3",
        "version" : "2.6.1"
      }
    },
    {
      "identity" : "fittedsheets-swiftui",
      "kind" : "remoteSourceControl",
      "location" : "https://github.com/Jeonhui/FittedSheets-SwiftUI.git",
      "state" : {
        "revision" : "ea069b100d20f7c37e79e998ea89b52ab36a31d6",
        "version" : "1.1.1"
      }
    },
    {
      "identity" : "pdfviewer",
      "kind" : "remoteSourceControl",
      "location" : "https://github.com/rajubd49/PDFViewer.git",
      "state" : {
        "revision" : "d228974c60fe723ad98b690611973184a934ad72",
        "version" : "1.0.2"
      }
    },
    {
      "identity" : "sdwebimage",
      "kind" : "remoteSourceControl",
      "location" : "https://github.com/SDWebImage/SDWebImage.git",
      "state" : {
        "revision" : "f6afa0132961d593f07970d84e2d8b588c29ea04",
        "version" : "5.19.1"
      }
    },
    {
      "identity" : "sdwebimageswiftui",
      "kind" : "remoteSourceControl",
      "location" : "https://github.com/SDWebImage/SDWebImageSwiftUI.git",
      "state" : {
        "revision" : "b7af5e6bd9c2987e41730400d1baad13d74a141a",
        "version" : "3.0.4"
      }
    }
  ],
  "version" : 2
}
